// !$*UTF8*$!
{
	archiveVersion = 1;
	classes = {
	};
	objectVersion = 55;
	objects = {

/* Begin PBXBuildFile section */
		3B3E48422870F673000D0D0C /* BitwardenApp.swift in Sources */ = {isa = PBXBuildFile; fileRef = 3B3E48412870F673000D0D0C /* BitwardenApp.swift */; };
		3B3E48442870F673000D0D0C /* ContentView.swift in Sources */ = {isa = PBXBuildFile; fileRef = 3B3E48432870F673000D0D0C /* ContentView.swift */; };
		3B3E48462870F674000D0D0C /* Assets.xcassets in Resources */ = {isa = PBXBuildFile; fileRef = 3B3E48452870F674000D0D0C /* Assets.xcassets */; };
		3B3E48492870F674000D0D0C /* Preview Assets.xcassets in Resources */ = {isa = PBXBuildFile; fileRef = 3B3E48482870F674000D0D0C /* Preview Assets.xcassets */; };
		3B3E48542870F674000D0D0C /* BitwardenTests.swift in Sources */ = {isa = PBXBuildFile; fileRef = 3B3E48532870F674000D0D0C /* BitwardenTests.swift */; };
		3B3E485E2870F674000D0D0C /* BitwardenUITests.swift in Sources */ = {isa = PBXBuildFile; fileRef = 3B3E485D2870F674000D0D0C /* BitwardenUITests.swift */; };
		3B3E48602870F674000D0D0C /* BitwardenUITestsLaunchTests.swift in Sources */ = {isa = PBXBuildFile; fileRef = 3B3E485F2870F674000D0D0C /* BitwardenUITestsLaunchTests.swift */; };
/* End PBXBuildFile section */

/* Begin PBXContainerItemProxy section */
		3B3E48502870F674000D0D0C /* PBXContainerItemProxy */ = {
			isa = PBXContainerItemProxy;
			containerPortal = 3B3E48362870F673000D0D0C /* Project object */;
			proxyType = 1;
			remoteGlobalIDString = 3B3E483D2870F673000D0D0C;
			remoteInfo = Bitwarden;
		};
		3B3E485A2870F674000D0D0C /* PBXContainerItemProxy */ = {
			isa = PBXContainerItemProxy;
			containerPortal = 3B3E48362870F673000D0D0C /* Project object */;
			proxyType = 1;
			remoteGlobalIDString = 3B3E483D2870F673000D0D0C;
			remoteInfo = Bitwarden;
		};
/* End PBXContainerItemProxy section */

/* Begin PBXFileReference section */
		3B3E483E2870F673000D0D0C /* Bitwarden.app */ = {isa = PBXFileReference; explicitFileType = wrapper.application; includeInIndex = 0; path = Bitwarden.app; sourceTree = BUILT_PRODUCTS_DIR; };
		3B3E48412870F673000D0D0C /* BitwardenApp.swift */ = {isa = PBXFileReference; lastKnownFileType = sourcecode.swift; path = BitwardenApp.swift; sourceTree = "<group>"; };
		3B3E48432870F673000D0D0C /* ContentView.swift */ = {isa = PBXFileReference; lastKnownFileType = sourcecode.swift; path = ContentView.swift; sourceTree = "<group>"; };
		3B3E48452870F674000D0D0C /* Assets.xcassets */ = {isa = PBXFileReference; lastKnownFileType = folder.assetcatalog; path = Assets.xcassets; sourceTree = "<group>"; };
		3B3E48482870F674000D0D0C /* Preview Assets.xcassets */ = {isa = PBXFileReference; lastKnownFileType = folder.assetcatalog; path = "Preview Assets.xcassets"; sourceTree = "<group>"; };
		3B3E484A2870F674000D0D0C /* Bitwarden.entitlements */ = {isa = PBXFileReference; lastKnownFileType = text.plist.entitlements; path = Bitwarden.entitlements; sourceTree = "<group>"; };
		3B3E484F2870F674000D0D0C /* BitwardenTests.xctest */ = {isa = PBXFileReference; explicitFileType = wrapper.cfbundle; includeInIndex = 0; path = BitwardenTests.xctest; sourceTree = BUILT_PRODUCTS_DIR; };
		3B3E48532870F674000D0D0C /* BitwardenTests.swift */ = {isa = PBXFileReference; lastKnownFileType = sourcecode.swift; path = BitwardenTests.swift; sourceTree = "<group>"; };
		3B3E48592870F674000D0D0C /* BitwardenUITests.xctest */ = {isa = PBXFileReference; explicitFileType = wrapper.cfbundle; includeInIndex = 0; path = BitwardenUITests.xctest; sourceTree = BUILT_PRODUCTS_DIR; };
		3B3E485D2870F674000D0D0C /* BitwardenUITests.swift */ = {isa = PBXFileReference; lastKnownFileType = sourcecode.swift; path = BitwardenUITests.swift; sourceTree = "<group>"; };
		3B3E485F2870F674000D0D0C /* BitwardenUITestsLaunchTests.swift */ = {isa = PBXFileReference; lastKnownFileType = sourcecode.swift; path = BitwardenUITestsLaunchTests.swift; sourceTree = "<group>"; };
/* End PBXFileReference section */

/* Begin PBXFrameworksBuildPhase section */
		3B3E483B2870F673000D0D0C /* Frameworks */ = {
			isa = PBXFrameworksBuildPhase;
			buildActionMask = 2147483647;
			files = (
			);
			runOnlyForDeploymentPostprocessing = 0;
		};
		3B3E484C2870F674000D0D0C /* Frameworks */ = {
			isa = PBXFrameworksBuildPhase;
			buildActionMask = 2147483647;
			files = (
			);
			runOnlyForDeploymentPostprocessing = 0;
		};
		3B3E48562870F674000D0D0C /* Frameworks */ = {
			isa = PBXFrameworksBuildPhase;
			buildActionMask = 2147483647;
			files = (
			);
			runOnlyForDeploymentPostprocessing = 0;
		};
/* End PBXFrameworksBuildPhase section */

/* Begin PBXGroup section */
		3B3E48352870F673000D0D0C = {
			isa = PBXGroup;
			children = (
				3B3E48402870F673000D0D0C /* Bitwarden */,
				3B3E48522870F674000D0D0C /* BitwardenTests */,
				3B3E485C2870F674000D0D0C /* BitwardenUITests */,
				3B3E483F2870F673000D0D0C /* Products */,
			);
			sourceTree = "<group>";
		};
		3B3E483F2870F673000D0D0C /* Products */ = {
			isa = PBXGroup;
			children = (
				3B3E483E2870F673000D0D0C /* Bitwarden.app */,
				3B3E484F2870F674000D0D0C /* BitwardenTests.xctest */,
				3B3E48592870F674000D0D0C /* BitwardenUITests.xctest */,
			);
			name = Products;
			sourceTree = "<group>";
		};
		3B3E48402870F673000D0D0C /* Bitwarden */ = {
			isa = PBXGroup;
			children = (
				3B3E48412870F673000D0D0C /* BitwardenApp.swift */,
				3B3E48432870F673000D0D0C /* ContentView.swift */,
				3B3E48452870F674000D0D0C /* Assets.xcassets */,
				3B3E484A2870F674000D0D0C /* Bitwarden.entitlements */,
				3B3E48472870F674000D0D0C /* Preview Content */,
			);
			path = Bitwarden;
			sourceTree = "<group>";
		};
		3B3E48472870F674000D0D0C /* Preview Content */ = {
			isa = PBXGroup;
			children = (
				3B3E48482870F674000D0D0C /* Preview Assets.xcassets */,
			);
			path = "Preview Content";
			sourceTree = "<group>";
		};
		3B3E48522870F674000D0D0C /* BitwardenTests */ = {
			isa = PBXGroup;
			children = (
				3B3E48532870F674000D0D0C /* BitwardenTests.swift */,
			);
			path = BitwardenTests;
			sourceTree = "<group>";
		};
		3B3E485C2870F674000D0D0C /* BitwardenUITests */ = {
			isa = PBXGroup;
			children = (
				3B3E485D2870F674000D0D0C /* BitwardenUITests.swift */,
				3B3E485F2870F674000D0D0C /* BitwardenUITestsLaunchTests.swift */,
			);
			path = BitwardenUITests;
			sourceTree = "<group>";
		};
/* End PBXGroup section */

/* Begin PBXNativeTarget section */
		3B3E483D2870F673000D0D0C /* Bitwarden */ = {
			isa = PBXNativeTarget;
			buildConfigurationList = 3B3E48632870F674000D0D0C /* Build configuration list for PBXNativeTarget "Bitwarden" */;
			buildPhases = (
				3B3E483A2870F673000D0D0C /* Sources */,
				3B3E483B2870F673000D0D0C /* Frameworks */,
				3B3E483C2870F673000D0D0C /* Resources */,
			);
			buildRules = (
			);
			dependencies = (
			);
			name = Bitwarden;
			productName = Bitwarden;
			productReference = 3B3E483E2870F673000D0D0C /* Bitwarden.app */;
			productType = "com.apple.product-type.application";
		};
		3B3E484E2870F674000D0D0C /* BitwardenTests */ = {
			isa = PBXNativeTarget;
			buildConfigurationList = 3B3E48662870F674000D0D0C /* Build configuration list for PBXNativeTarget "BitwardenTests" */;
			buildPhases = (
				3B3E484B2870F674000D0D0C /* Sources */,
				3B3E484C2870F674000D0D0C /* Frameworks */,
				3B3E484D2870F674000D0D0C /* Resources */,
			);
			buildRules = (
			);
			dependencies = (
				3B3E48512870F674000D0D0C /* PBXTargetDependency */,
			);
			name = BitwardenTests;
			productName = BitwardenTests;
			productReference = 3B3E484F2870F674000D0D0C /* BitwardenTests.xctest */;
			productType = "com.apple.product-type.bundle.unit-test";
		};
		3B3E48582870F674000D0D0C /* BitwardenUITests */ = {
			isa = PBXNativeTarget;
			buildConfigurationList = 3B3E48692870F674000D0D0C /* Build configuration list for PBXNativeTarget "BitwardenUITests" */;
			buildPhases = (
				3B3E48552870F674000D0D0C /* Sources */,
				3B3E48562870F674000D0D0C /* Frameworks */,
				3B3E48572870F674000D0D0C /* Resources */,
			);
			buildRules = (
			);
			dependencies = (
				3B3E485B2870F674000D0D0C /* PBXTargetDependency */,
			);
			name = BitwardenUITests;
			productName = BitwardenUITests;
			productReference = 3B3E48592870F674000D0D0C /* BitwardenUITests.xctest */;
			productType = "com.apple.product-type.bundle.ui-testing";
		};
/* End PBXNativeTarget section */

/* Begin PBXProject section */
		3B3E48362870F673000D0D0C /* Project object */ = {
			isa = PBXProject;
			attributes = {
				BuildIndependentTargetsInParallel = 1;
				LastSwiftUpdateCheck = 1330;
				LastUpgradeCheck = 1330;
				TargetAttributes = {
					3B3E483D2870F673000D0D0C = {
						CreatedOnToolsVersion = 13.3.1;
					};
					3B3E484E2870F674000D0D0C = {
						CreatedOnToolsVersion = 13.3.1;
						TestTargetID = 3B3E483D2870F673000D0D0C;
					};
					3B3E48582870F674000D0D0C = {
						CreatedOnToolsVersion = 13.3.1;
						TestTargetID = 3B3E483D2870F673000D0D0C;
					};
				};
			};
			buildConfigurationList = 3B3E48392870F673000D0D0C /* Build configuration list for PBXProject "Bitwarden" */;
			compatibilityVersion = "Xcode 13.0";
			developmentRegion = en;
			hasScannedForEncodings = 0;
			knownRegions = (
				en,
				Base,
			);
			mainGroup = 3B3E48352870F673000D0D0C;
			productRefGroup = 3B3E483F2870F673000D0D0C /* Products */;
			projectDirPath = "";
			projectRoot = "";
			targets = (
				3B3E483D2870F673000D0D0C /* Bitwarden */,
				3B3E484E2870F674000D0D0C /* BitwardenTests */,
				3B3E48582870F674000D0D0C /* BitwardenUITests */,
			);
		};
/* End PBXProject section */

/* Begin PBXResourcesBuildPhase section */
		3B3E483C2870F673000D0D0C /* Resources */ = {
			isa = PBXResourcesBuildPhase;
			buildActionMask = 2147483647;
			files = (
				3B3E48492870F674000D0D0C /* Preview Assets.xcassets in Resources */,
				3B3E48462870F674000D0D0C /* Assets.xcassets in Resources */,
			);
			runOnlyForDeploymentPostprocessing = 0;
		};
		3B3E484D2870F674000D0D0C /* Resources */ = {
			isa = PBXResourcesBuildPhase;
			buildActionMask = 2147483647;
			files = (
			);
			runOnlyForDeploymentPostprocessing = 0;
		};
		3B3E48572870F674000D0D0C /* Resources */ = {
			isa = PBXResourcesBuildPhase;
			buildActionMask = 2147483647;
			files = (
			);
			runOnlyForDeploymentPostprocessing = 0;
		};
/* End PBXResourcesBuildPhase section */

/* Begin PBXSourcesBuildPhase section */
		3B3E483A2870F673000D0D0C /* Sources */ = {
			isa = PBXSourcesBuildPhase;
			buildActionMask = 2147483647;
			files = (
				3B3E48442870F673000D0D0C /* ContentView.swift in Sources */,
				3B3E48422870F673000D0D0C /* BitwardenApp.swift in Sources */,
			);
			runOnlyForDeploymentPostprocessing = 0;
		};
		3B3E484B2870F674000D0D0C /* Sources */ = {
			isa = PBXSourcesBuildPhase;
			buildActionMask = 2147483647;
			files = (
				3B3E48542870F674000D0D0C /* BitwardenTests.swift in Sources */,
			);
			runOnlyForDeploymentPostprocessing = 0;
		};
		3B3E48552870F674000D0D0C /* Sources */ = {
			isa = PBXSourcesBuildPhase;
			buildActionMask = 2147483647;
			files = (
				3B3E485E2870F674000D0D0C /* BitwardenUITests.swift in Sources */,
				3B3E48602870F674000D0D0C /* BitwardenUITestsLaunchTests.swift in Sources */,
			);
			runOnlyForDeploymentPostprocessing = 0;
		};
/* End PBXSourcesBuildPhase section */

/* Begin PBXTargetDependency section */
		3B3E48512870F674000D0D0C /* PBXTargetDependency */ = {
			isa = PBXTargetDependency;
			target = 3B3E483D2870F673000D0D0C /* Bitwarden */;
			targetProxy = 3B3E48502870F674000D0D0C /* PBXContainerItemProxy */;
		};
		3B3E485B2870F674000D0D0C /* PBXTargetDependency */ = {
			isa = PBXTargetDependency;
			target = 3B3E483D2870F673000D0D0C /* Bitwarden */;
			targetProxy = 3B3E485A2870F674000D0D0C /* PBXContainerItemProxy */;
		};
/* End PBXTargetDependency section */

/* Begin XCBuildConfiguration section */
		3B3E48612870F674000D0D0C /* Debug */ = {
			isa = XCBuildConfiguration;
			buildSettings = {
				ALWAYS_SEARCH_USER_PATHS = NO;
				CLANG_ANALYZER_NONNULL = YES;
				CLANG_ANALYZER_NUMBER_OBJECT_CONVERSION = YES_AGGRESSIVE;
				CLANG_CXX_LANGUAGE_STANDARD = "gnu++17";
				CLANG_ENABLE_MODULES = YES;
				CLANG_ENABLE_OBJC_ARC = YES;
				CLANG_ENABLE_OBJC_WEAK = YES;
				CLANG_WARN_BLOCK_CAPTURE_AUTORELEASING = YES;
				CLANG_WARN_BOOL_CONVERSION = YES;
				CLANG_WARN_COMMA = YES;
				CLANG_WARN_CONSTANT_CONVERSION = YES;
				CLANG_WARN_DEPRECATED_OBJC_IMPLEMENTATIONS = YES;
				CLANG_WARN_DIRECT_OBJC_ISA_USAGE = YES_ERROR;
				CLANG_WARN_DOCUMENTATION_COMMENTS = YES;
				CLANG_WARN_EMPTY_BODY = YES;
				CLANG_WARN_ENUM_CONVERSION = YES;
				CLANG_WARN_INFINITE_RECURSION = YES;
				CLANG_WARN_INT_CONVERSION = YES;
				CLANG_WARN_NON_LITERAL_NULL_CONVERSION = YES;
				CLANG_WARN_OBJC_IMPLICIT_RETAIN_SELF = YES;
				CLANG_WARN_OBJC_LITERAL_CONVERSION = YES;
				CLANG_WARN_OBJC_ROOT_CLASS = YES_ERROR;
				CLANG_WARN_QUOTED_INCLUDE_IN_FRAMEWORK_HEADER = YES;
				CLANG_WARN_RANGE_LOOP_ANALYSIS = YES;
				CLANG_WARN_STRICT_PROTOTYPES = YES;
				CLANG_WARN_SUSPICIOUS_MOVE = YES;
				CLANG_WARN_UNGUARDED_AVAILABILITY = YES_AGGRESSIVE;
				CLANG_WARN_UNREACHABLE_CODE = YES;
				CLANG_WARN__DUPLICATE_METHOD_MATCH = YES;
				COPY_PHASE_STRIP = NO;
				DEBUG_INFORMATION_FORMAT = dwarf;
				ENABLE_STRICT_OBJC_MSGSEND = YES;
				ENABLE_TESTABILITY = YES;
				GCC_C_LANGUAGE_STANDARD = gnu11;
				GCC_DYNAMIC_NO_PIC = NO;
				GCC_NO_COMMON_BLOCKS = YES;
				GCC_OPTIMIZATION_LEVEL = 0;
				GCC_PREPROCESSOR_DEFINITIONS = (
					"DEBUG=1",
					"$(inherited)",
				);
				GCC_WARN_64_TO_32_BIT_CONVERSION = YES;
				GCC_WARN_ABOUT_RETURN_TYPE = YES_ERROR;
				GCC_WARN_UNDECLARED_SELECTOR = YES;
				GCC_WARN_UNINITIALIZED_AUTOS = YES_AGGRESSIVE;
				GCC_WARN_UNUSED_FUNCTION = YES;
				GCC_WARN_UNUSED_VARIABLE = YES;
				MACOSX_DEPLOYMENT_TARGET = 12.3;
				MTL_ENABLE_DEBUG_INFO = INCLUDE_SOURCE;
				MTL_FAST_MATH = YES;
				ONLY_ACTIVE_ARCH = YES;
				SDKROOT = macosx;
				SWIFT_ACTIVE_COMPILATION_CONDITIONS = DEBUG;
				SWIFT_OPTIMIZATION_LEVEL = "-Onone";
			};
			name = Debug;
		};
		3B3E48622870F674000D0D0C /* Release */ = {
			isa = XCBuildConfiguration;
			buildSettings = {
				ALWAYS_SEARCH_USER_PATHS = NO;
				CLANG_ANALYZER_NONNULL = YES;
				CLANG_ANALYZER_NUMBER_OBJECT_CONVERSION = YES_AGGRESSIVE;
				CLANG_CXX_LANGUAGE_STANDARD = "gnu++17";
				CLANG_ENABLE_MODULES = YES;
				CLANG_ENABLE_OBJC_ARC = YES;
				CLANG_ENABLE_OBJC_WEAK = YES;
				CLANG_WARN_BLOCK_CAPTURE_AUTORELEASING = YES;
				CLANG_WARN_BOOL_CONVERSION = YES;
				CLANG_WARN_COMMA = YES;
				CLANG_WARN_CONSTANT_CONVERSION = YES;
				CLANG_WARN_DEPRECATED_OBJC_IMPLEMENTATIONS = YES;
				CLANG_WARN_DIRECT_OBJC_ISA_USAGE = YES_ERROR;
				CLANG_WARN_DOCUMENTATION_COMMENTS = YES;
				CLANG_WARN_EMPTY_BODY = YES;
				CLANG_WARN_ENUM_CONVERSION = YES;
				CLANG_WARN_INFINITE_RECURSION = YES;
				CLANG_WARN_INT_CONVERSION = YES;
				CLANG_WARN_NON_LITERAL_NULL_CONVERSION = YES;
				CLANG_WARN_OBJC_IMPLICIT_RETAIN_SELF = YES;
				CLANG_WARN_OBJC_LITERAL_CONVERSION = YES;
				CLANG_WARN_OBJC_ROOT_CLASS = YES_ERROR;
				CLANG_WARN_QUOTED_INCLUDE_IN_FRAMEWORK_HEADER = YES;
				CLANG_WARN_RANGE_LOOP_ANALYSIS = YES;
				CLANG_WARN_STRICT_PROTOTYPES = YES;
				CLANG_WARN_SUSPICIOUS_MOVE = YES;
				CLANG_WARN_UNGUARDED_AVAILABILITY = YES_AGGRESSIVE;
				CLANG_WARN_UNREACHABLE_CODE = YES;
				CLANG_WARN__DUPLICATE_METHOD_MATCH = YES;
				COPY_PHASE_STRIP = NO;
				DEBUG_INFORMATION_FORMAT = "dwarf-with-dsym";
				ENABLE_NS_ASSERTIONS = NO;
				ENABLE_STRICT_OBJC_MSGSEND = YES;
				GCC_C_LANGUAGE_STANDARD = gnu11;
				GCC_NO_COMMON_BLOCKS = YES;
				GCC_WARN_64_TO_32_BIT_CONVERSION = YES;
				GCC_WARN_ABOUT_RETURN_TYPE = YES_ERROR;
				GCC_WARN_UNDECLARED_SELECTOR = YES;
				GCC_WARN_UNINITIALIZED_AUTOS = YES_AGGRESSIVE;
				GCC_WARN_UNUSED_FUNCTION = YES;
				GCC_WARN_UNUSED_VARIABLE = YES;
				MACOSX_DEPLOYMENT_TARGET = 12.3;
				MTL_ENABLE_DEBUG_INFO = NO;
				MTL_FAST_MATH = YES;
				SDKROOT = macosx;
				SWIFT_COMPILATION_MODE = wholemodule;
				SWIFT_OPTIMIZATION_LEVEL = "-O";
			};
			name = Release;
		};
		3B3E48642870F674000D0D0C /* Debug */ = {
			isa = XCBuildConfiguration;
			buildSettings = {
				ASSETCATALOG_COMPILER_APPICON_NAME = AppIcon;
				ASSETCATALOG_COMPILER_GLOBAL_ACCENT_COLOR_NAME = AccentColor;
				CODE_SIGN_ENTITLEMENTS = Bitwarden/Bitwarden.entitlements;
				CODE_SIGN_STYLE = Automatic;
				COMBINE_HIDPI_IMAGES = YES;
				CURRENT_PROJECT_VERSION = 1;
				DEVELOPMENT_ASSET_PATHS = "\"Bitwarden/Preview Content\"";
				ENABLE_PREVIEWS = YES;
				GENERATE_INFOPLIST_FILE = YES;
				INFOPLIST_KEY_NSHumanReadableCopyright = "";
				LD_RUNPATH_SEARCH_PATHS = (
					"$(inherited)",
					"@executable_path/../Frameworks",
				);
				MARKETING_VERSION = 1.0;
				PRODUCT_BUNDLE_IDENTIFIER = com.jesse.Bitwarden;
				PRODUCT_NAME = "$(TARGET_NAME)";
				SWIFT_EMIT_LOC_STRINGS = YES;
				SWIFT_VERSION = 5.0;
			};
			name = Debug;
		};
		3B3E48652870F674000D0D0C /* Release */ = {
			isa = XCBuildConfiguration;
			buildSettings = {
				ASSETCATALOG_COMPILER_APPICON_NAME = AppIcon;
				ASSETCATALOG_COMPILER_GLOBAL_ACCENT_COLOR_NAME = AccentColor;
				CODE_SIGN_ENTITLEMENTS = Bitwarden/Bitwarden.entitlements;
				CODE_SIGN_STYLE = Automatic;
				COMBINE_HIDPI_IMAGES = YES;
				CURRENT_PROJECT_VERSION = 1;
				DEVELOPMENT_ASSET_PATHS = "\"Bitwarden/Preview Content\"";
				ENABLE_PREVIEWS = YES;
				GENERATE_INFOPLIST_FILE = YES;
				INFOPLIST_KEY_NSHumanReadableCopyright = "";
				LD_RUNPATH_SEARCH_PATHS = (
					"$(inherited)",
					"@executable_path/../Frameworks",
				);
				MARKETING_VERSION = 1.0;
				PRODUCT_BUNDLE_IDENTIFIER = com.jesse.Bitwarden;
				PRODUCT_NAME = "$(TARGET_NAME)";
				SWIFT_EMIT_LOC_STRINGS = YES;
				SWIFT_VERSION = 5.0;
			};
			name = Release;
		};
		3B3E48672870F674000D0D0C /* Debug */ = {
			isa = XCBuildConfiguration;
			buildSettings = {
				ALWAYS_EMBED_SWIFT_STANDARD_LIBRARIES = YES;
				BUNDLE_LOADER = "$(TEST_HOST)";
				CODE_SIGN_STYLE = Automatic;
				CURRENT_PROJECT_VERSION = 1;
				GENERATE_INFOPLIST_FILE = YES;
				MACOSX_DEPLOYMENT_TARGET = 12.3;
				MARKETING_VERSION = 1.0;
				PRODUCT_BUNDLE_IDENTIFIER = com.jesse.BitwardenTests;
				PRODUCT_NAME = "$(TARGET_NAME)";
				SWIFT_EMIT_LOC_STRINGS = NO;
				SWIFT_VERSION = 5.0;
				TEST_HOST = "$(BUILT_PRODUCTS_DIR)/Bitwarden.app/Contents/MacOS/Bitwarden";
			};
			name = Debug;
		};
		3B3E48682870F674000D0D0C /* Release */ = {
			isa = XCBuildConfiguration;
			buildSettings = {
				ALWAYS_EMBED_SWIFT_STANDARD_LIBRARIES = YES;
				BUNDLE_LOADER = "$(TEST_HOST)";
				CODE_SIGN_STYLE = Automatic;
				CURRENT_PROJECT_VERSION = 1;
				GENERATE_INFOPLIST_FILE = YES;
				MACOSX_DEPLOYMENT_TARGET = 12.3;
				MARKETING_VERSION = 1.0;
				PRODUCT_BUNDLE_IDENTIFIER = com.jesse.BitwardenTests;
				PRODUCT_NAME = "$(TARGET_NAME)";
				SWIFT_EMIT_LOC_STRINGS = NO;
				SWIFT_VERSION = 5.0;
				TEST_HOST = "$(BUILT_PRODUCTS_DIR)/Bitwarden.app/Contents/MacOS/Bitwarden";
			};
			name = Release;
		};
		3B3E486A2870F674000D0D0C /* Debug */ = {
			isa = XCBuildConfiguration;
			buildSettings = {
				ALWAYS_EMBED_SWIFT_STANDARD_LIBRARIES = YES;
				CODE_SIGN_STYLE = Automatic;
				CURRENT_PROJECT_VERSION = 1;
				GENERATE_INFOPLIST_FILE = YES;
				MARKETING_VERSION = 1.0;
				PRODUCT_BUNDLE_IDENTIFIER = com.jesse.BitwardenUITests;
				PRODUCT_NAME = "$(TARGET_NAME)";
				SWIFT_EMIT_LOC_STRINGS = NO;
				SWIFT_VERSION = 5.0;
				TEST_TARGET_NAME = Bitwarden;
			};
			name = Debug;
		};
		3B3E486B2870F674000D0D0C /* Release */ = {
			isa = XCBuildConfiguration;
			buildSettings = {
				ALWAYS_EMBED_SWIFT_STANDARD_LIBRARIES = YES;
				CODE_SIGN_STYLE = Automatic;
				CURRENT_PROJECT_VERSION = 1;
				GENERATE_INFOPLIST_FILE = YES;
				MARKETING_VERSION = 1.0;
				PRODUCT_BUNDLE_IDENTIFIER = com.jesse.BitwardenUITests;
				PRODUCT_NAME = "$(TARGET_NAME)";
				SWIFT_EMIT_LOC_STRINGS = NO;
				SWIFT_VERSION = 5.0;
				TEST_TARGET_NAME = Bitwarden;
			};
			name = Release;
		};
/* End XCBuildConfiguration section */

/* Begin XCConfigurationList section */
		3B3E48392870F673000D0D0C /* Build configuration list for PBXProject "Bitwarden" */ = {
			isa = XCConfigurationList;
			buildConfigurations = (
				3B3E48612870F674000D0D0C /* Debug */,
				3B3E48622870F674000D0D0C /* Release */,
			);
			defaultConfigurationIsVisible = 0;
			defaultConfigurationName = Release;
		};
		3B3E48632870F674000D0D0C /* Build configuration list for PBXNativeTarget "Bitwarden" */ = {
			isa = XCConfigurationList;
			buildConfigurations = (
				3B3E48642870F674000D0D0C /* Debug */,
				3B3E48652870F674000D0D0C /* Release */,
			);
			defaultConfigurationIsVisible = 0;
			defaultConfigurationName = Release;
		};
		3B3E48662870F674000D0D0C /* Build configuration list for PBXNativeTarget "BitwardenTests" */ = {
			isa = XCConfigurationList;
			buildConfigurations = (
				3B3E48672870F674000D0D0C /* Debug */,
				3B3E48682870F674000D0D0C /* Release */,
			);
			defaultConfigurationIsVisible = 0;
			defaultConfigurationName = Release;
		};
		3B3E48692870F674000D0D0C /* Build configuration list for PBXNativeTarget "BitwardenUITests" */ = {
			isa = XCConfigurationList;
			buildConfigurations = (
				3B3E486A2870F674000D0D0C /* Debug */,
				3B3E486B2870F674000D0D0C /* Release */,
			);
			defaultConfigurationIsVisible = 0;
			defaultConfigurationName = Release;
		};
/* End XCConfigurationList section */
	};
	rootObject = 3B3E48362870F673000D0D0C /* Project object */;
}
