// !$*UTF8*$!
{
	archiveVersion = 1;
	classes = {
	};
	objectVersion = 55;
	objects = {

/* Begin PBXBuildFile section */
		3B0486E02875018C007CCC5A /* Api.swift in Sources */ = {isa = PBXBuildFile; fileRef = 3B0486DF2875018C007CCC5A /* Api.swift */; };
		3B0A8E04296209830055DA2D /* Encryption.swift in Sources */ = {isa = PBXBuildFile; fileRef = 3B0A8E03296209830055DA2D /* Encryption.swift */; };
		3B0C2B4C2A3A594A002CAA91 /* CustomFieldsView.swift in Sources */ = {isa = PBXBuildFile; fileRef = 3B0C2B4B2A3A594A002CAA91 /* CustomFieldsView.swift */; };
		3B194B062A37654400F6206D /* AddNewItem+Card.swift in Sources */ = {isa = PBXBuildFile; fileRef = 3B194B052A37654400F6206D /* AddNewItem+Card.swift */; };
		3B2C42022A0C581800720E43 /* EditingField.swift in Sources */ = {isa = PBXBuildFile; fileRef = 3B2C42012A0C581800720E43 /* EditingField.swift */; };
		3B2C42042A11C11500720E43 /* ItemView+PasswordEditing.swift in Sources */ = {isa = PBXBuildFile; fileRef = 3B2C42032A11C11500720E43 /* ItemView+PasswordEditing.swift */; };
		3B2C42062A11C5F100720E43 /* ItemView+PasswordView.swift in Sources */ = {isa = PBXBuildFile; fileRef = 3B2C42052A11C5F100720E43 /* ItemView+PasswordView.swift */; };
		3B2C420A2A12EF7200720E43 /* CryptoSwift.xcframework in Frameworks */ = {isa = PBXBuildFile; fileRef = 3BF9B587296C9C180095B557 /* CryptoSwift.xcframework */; };
		3B2C420B2A12EF7200720E43 /* CryptoSwift.xcframework in Embed Frameworks */ = {isa = PBXBuildFile; fileRef = 3BF9B587296C9C180095B557 /* CryptoSwift.xcframework */; settings = {ATTRIBUTES = (CodeSignOnCopy, RemoveHeadersOnCopy, ); }; };
		3B2CF2682A13DE4D00E3D16F /* Icon.swift in Sources */ = {isa = PBXBuildFile; fileRef = 3B2CF2672A13DE4D00E3D16F /* Icon.swift */; };
		3B2EC3C4296F27F6003A04A1 /* CardView.swift in Sources */ = {isa = PBXBuildFile; fileRef = 3B2EC3C3296F27F6003A04A1 /* CardView.swift */; };
		3B2EC3C7296F30FC003A04A1 /* LoginView.swift in Sources */ = {isa = PBXBuildFile; fileRef = 3B2EC3C6296F30FC003A04A1 /* LoginView.swift */; };
		3B2EC3CC296F315E003A04A1 /* MainView.swift in Sources */ = {isa = PBXBuildFile; fileRef = 3B2EC3CB296F315E003A04A1 /* MainView.swift */; };
		3B2EC3CF296F38B9003A04A1 /* Sidebar.swift in Sources */ = {isa = PBXBuildFile; fileRef = 3B2EC3CE296F38B9003A04A1 /* Sidebar.swift */; };
		3B2EC3D1296F3AC7003A04A1 /* AddNewItemPopup.swift in Sources */ = {isa = PBXBuildFile; fileRef = 3B2EC3D0296F3AC7003A04A1 /* AddNewItemPopup.swift */; };
		3B321EDF2A16E1F2006B0DEA /* Generator.swift in Sources */ = {isa = PBXBuildFile; fileRef = 3B321EDE2A16E1F2006B0DEA /* Generator.swift */; };
		3B3E48422870F673000D0D0C /* Swiftwarden.swift in Sources */ = {isa = PBXBuildFile; fileRef = 3B3E48412870F673000D0D0C /* Swiftwarden.swift */; };
		3B3E48442870F673000D0D0C /* ContentView.swift in Sources */ = {isa = PBXBuildFile; fileRef = 3B3E48432870F673000D0D0C /* ContentView.swift */; };
		3B3E48462870F674000D0D0C /* Assets.xcassets in Resources */ = {isa = PBXBuildFile; fileRef = 3B3E48452870F674000D0D0C /* Assets.xcassets */; };
		3B3E48492870F674000D0D0C /* Preview Assets.xcassets in Resources */ = {isa = PBXBuildFile; fileRef = 3B3E48482870F674000D0D0C /* Preview Assets.xcassets */; };
		3B3E48542870F674000D0D0C /* SwiftWardenTests.swift in Sources */ = {isa = PBXBuildFile; fileRef = 3B3E48532870F674000D0D0C /* SwiftWardenTests.swift */; };
		3B3E485E2870F674000D0D0C /* SwiftwardenUITests.swift in Sources */ = {isa = PBXBuildFile; fileRef = 3B3E485D2870F674000D0D0C /* SwiftwardenUITests.swift */; };
		3B3E48602870F674000D0D0C /* SwiftwardenUITestsLaunchTests.swift in Sources */ = {isa = PBXBuildFile; fileRef = 3B3E485F2870F674000D0D0C /* SwiftwardenUITestsLaunchTests.swift */; };
		3B4513A72899DAAB002164C9 /* PasswordsList.swift in Sources */ = {isa = PBXBuildFile; fileRef = 3B4513A62899DAAB002164C9 /* PasswordsList.swift */; };
		3B4513A9289AF29F002164C9 /* ItemView.swift in Sources */ = {isa = PBXBuildFile; fileRef = 3B4513A8289AF29F002164C9 /* ItemView.swift */; };
		3B4513AC289AF380002164C9 /* Field.swift in Sources */ = {isa = PBXBuildFile; fileRef = 3B4513AB289AF380002164C9 /* Field.swift */; };
		3B4513AF289B78E5002164C9 /* Buttons.swift in Sources */ = {isa = PBXBuildFile; fileRef = 3B4513AE289B78E5002164C9 /* Buttons.swift */; };
		3B521F322A1AAF4C0086E507 /* AddNewItem+Password.swift in Sources */ = {isa = PBXBuildFile; fileRef = 3B521F312A1AAF4C0086E507 /* AddNewItem+Password.swift */; };
		3B521F342A1AB1680086E507 /* ItemType.swift in Sources */ = {isa = PBXBuildFile; fileRef = 3B521F332A1AB1680086E507 /* ItemType.swift */; };
		3B5865162A05A87400A39868 /* SaveData.swift in Sources */ = {isa = PBXBuildFile; fileRef = 3B5865152A05A87400A39868 /* SaveData.swift */; };
		3B59FE242A17FEF8005288F0 /* GeneratePasswordButton.swift in Sources */ = {isa = PBXBuildFile; fileRef = 3B59FE232A17FEF8005288F0 /* GeneratePasswordButton.swift */; };
		3B745AAB29848DFB006B17C7 /* SwCrypt.swift in Sources */ = {isa = PBXBuildFile; fileRef = 3B112FB72982F9940018F53B /* SwCrypt.swift */; };
		3B7CBD062A77FA7900FFAC25 /* CustomScrollView.swift in Sources */ = {isa = PBXBuildFile; fileRef = 3B7CBD052A77FA7900FFAC25 /* CustomScrollView.swift */; };
		3B98714B2A40ABDE00CABFDC /* AddNewItem+SecureNote.swift in Sources */ = {isa = PBXBuildFile; fileRef = 3B98714A2A40ABDE00CABFDC /* AddNewItem+SecureNote.swift */; };
		3B98714D2A41EF3000CABFDC /* ItemView+SecureNoteView.swift in Sources */ = {isa = PBXBuildFile; fileRef = 3B98714C2A41EF3000CABFDC /* ItemView+SecureNoteView.swift */; };
		3B98714F2A41F15A00CABFDC /* ItemView+SecureNoteEditing.swift in Sources */ = {isa = PBXBuildFile; fileRef = 3B98714E2A41F15A00CABFDC /* ItemView+SecureNoteEditing.swift */; };
		3B9871512A41F8FB00CABFDC /* UrlHelpers.swift in Sources */ = {isa = PBXBuildFile; fileRef = 3B9871502A41F8FB00CABFDC /* UrlHelpers.swift */; };
		3BB8CE522A155C3F00644F5D /* AddUrlList.swift in Sources */ = {isa = PBXBuildFile; fileRef = 3BB8CE512A155C3F00644F5D /* AddUrlList.swift */; };
		3BBF419E2A54C6AA004C5C69 /* PasswordType.swift in Sources */ = {isa = PBXBuildFile; fileRef = 3BBF419D2A54C6AA004C5C69 /* PasswordType.swift */; };
		3BBF9C862A0827720058E82E /* Biometric.swift in Sources */ = {isa = PBXBuildFile; fileRef = 3BBF9C852A0827720058E82E /* Biometric.swift */; };
		3BC7579D2A031BFA0065CCF0 /* DataClass.swift in Sources */ = {isa = PBXBuildFile; fileRef = 3BC757902A031BF90065CCF0 /* DataClass.swift */; };
		3BC7579E2A031BFA0065CCF0 /* Uris.swift in Sources */ = {isa = PBXBuildFile; fileRef = 3BC757912A031BF90065CCF0 /* Uris.swift */; };
		3BC757A02A031BFA0065CCF0 /* Folder.swift in Sources */ = {isa = PBXBuildFile; fileRef = 3BC757932A031BF90065CCF0 /* Folder.swift */; };
		3BC757A12A031BFA0065CCF0 /* GlobalEquivalentDomain.swift in Sources */ = {isa = PBXBuildFile; fileRef = 3BC757942A031BF90065CCF0 /* GlobalEquivalentDomain.swift */; };
		3BC757A22A031BFA0065CCF0 /* Response.swift in Sources */ = {isa = PBXBuildFile; fileRef = 3BC757952A031BF90065CCF0 /* Response.swift */; };
		3BC757A32A031BFA0065CCF0 /* Domains.swift in Sources */ = {isa = PBXBuildFile; fileRef = 3BC757962A031BFA0065CCF0 /* Domains.swift */; };
		3BC757A42A031BFA0065CCF0 /* CustomField.swift in Sources */ = {isa = PBXBuildFile; fileRef = 3BC757972A031BFA0065CCF0 /* CustomField.swift */; };
		3BC757A52A031BFA0065CCF0 /* Cipher.swift in Sources */ = {isa = PBXBuildFile; fileRef = 3BC757982A031BFA0065CCF0 /* Cipher.swift */; };
		3BC757A62A031BFA0065CCF0 /* Object.swift in Sources */ = {isa = PBXBuildFile; fileRef = 3BC757992A031BFA0065CCF0 /* Object.swift */; };
		3BC757A72A031BFA0065CCF0 /* PasswordHistory.swift in Sources */ = {isa = PBXBuildFile; fileRef = 3BC7579A2A031BFA0065CCF0 /* PasswordHistory.swift */; };
		3BC757A82A031BFA0065CCF0 /* Login.swift in Sources */ = {isa = PBXBuildFile; fileRef = 3BC7579B2A031BFA0065CCF0 /* Login.swift */; };
		3BC757A92A031BFA0065CCF0 /* Profile.swift in Sources */ = {isa = PBXBuildFile; fileRef = 3BC7579C2A031BFA0065CCF0 /* Profile.swift */; };
		3BC757AB2A031C3C0065CCF0 /* Card.swift in Sources */ = {isa = PBXBuildFile; fileRef = 3BC757AA2A031C3C0065CCF0 /* Card.swift */; };
		3BC757AD2A031CA10065CCF0 /* Identity.swift in Sources */ = {isa = PBXBuildFile; fileRef = 3BC757AC2A031CA10065CCF0 /* Identity.swift */; };
		3BC757AF2A031CDF0065CCF0 /* SecureNote.swift in Sources */ = {isa = PBXBuildFile; fileRef = 3BC757AE2A031CDF0065CCF0 /* SecureNote.swift */; };
		3BC757B12A031D3B0065CCF0 /* Organization.swift in Sources */ = {isa = PBXBuildFile; fileRef = 3BC757B02A031D3B0065CCF0 /* Organization.swift */; };
		3BC757B32A0320280065CCF0 /* JSONSchemaSupport.swift in Sources */ = {isa = PBXBuildFile; fileRef = 3BC757B22A0320280065CCF0 /* JSONSchemaSupport.swift */; };
		3BC757B52A0321D40065CCF0 /* PreLogin.swift in Sources */ = {isa = PBXBuildFile; fileRef = 3BC757B42A0321D40065CCF0 /* PreLogin.swift */; };
		3BC8C2912A3B944A004B2B14 /* User.swift in Sources */ = {isa = PBXBuildFile; fileRef = 3BC8C2902A3B944A004B2B14 /* User.swift */; };
		3BC8C2952A3CDDF3004B2B14 /* NotesEditView.swift in Sources */ = {isa = PBXBuildFile; fileRef = 3BC8C2942A3CDDF3004B2B14 /* NotesEditView.swift */; };
		3BC8C2972A3D655A004B2B14 /* ItemView+CardView.swift in Sources */ = {isa = PBXBuildFile; fileRef = 3BC8C2962A3D655A004B2B14 /* ItemView+CardView.swift */; };
		3BC8C2992A3E332A004B2B14 /* ItemView+CardEditing.swift in Sources */ = {isa = PBXBuildFile; fileRef = 3BC8C2982A3E332A004B2B14 /* ItemView+CardEditing.swift */; };
		3BC8C29B2A3E5730004B2B14 /* AddNewItem+Identity.swift in Sources */ = {isa = PBXBuildFile; fileRef = 3BC8C29A2A3E5730004B2B14 /* AddNewItem+Identity.swift */; };
		3BC8C29D2A3E62DF004B2B14 /* ItemView+IdentityView.swift in Sources */ = {isa = PBXBuildFile; fileRef = 3BC8C29C2A3E62DF004B2B14 /* ItemView+IdentityView.swift */; };
		3BC8C29F2A3E6CFD004B2B14 /* ItemView+IdentityEditing.swift in Sources */ = {isa = PBXBuildFile; fileRef = 3BC8C29E2A3E6CFD004B2B14 /* ItemView+IdentityEditing.swift */; };
		3BD0746628A01FC000812AAB /* TestField.swift in Sources */ = {isa = PBXBuildFile; fileRef = 3BD0746528A01FC000812AAB /* TestField.swift */; };
		3BD0746828A0829F00812AAB /* PopupEdit.swift in Sources */ = {isa = PBXBuildFile; fileRef = 3BD0746728A0829F00812AAB /* PopupEdit.swift */; };
		3BDBDF292A5509C2000E61F5 /* ItemView+ToolBarComponents.swift in Sources */ = {isa = PBXBuildFile; fileRef = 3BDBDF282A5509C2000E61F5 /* ItemView+ToolBarComponents.swift */; };
		3BDBDF2B2A5741FA000E61F5 /* CipherOptions.swift in Sources */ = {isa = PBXBuildFile; fileRef = 3BDBDF2A2A5741FA000E61F5 /* CipherOptions.swift */; };
		3BDE34902C18929C00C7C4FB /* NativeMessaging.swift in Sources */ = {isa = PBXBuildFile; fileRef = 3BDE348F2C18929C00C7C4FB /* NativeMessaging.swift */; };
		3BDEA75D2A0480870007DFB4 /* Parser.swift in Sources */ = {isa = PBXBuildFile; fileRef = 3BDEA75C2A0480870007DFB4 /* Parser.swift */; };
		3BDEA7F92A0591510007DFB4 /* Nuke in Frameworks */ = {isa = PBXBuildFile; productRef = 3BDEA7F82A0591510007DFB4 /* Nuke */; };
		3BDEA7FB2A0591510007DFB4 /* NukeExtensions in Frameworks */ = {isa = PBXBuildFile; productRef = 3BDEA7FA2A0591510007DFB4 /* NukeExtensions */; };
		3BDEA7FD2A0591510007DFB4 /* NukeUI in Frameworks */ = {isa = PBXBuildFile; productRef = 3BDEA7FC2A0591510007DFB4 /* NukeUI */; };
		3BDEA7FF2A0591510007DFB4 /* NukeVideo in Frameworks */ = {isa = PBXBuildFile; productRef = 3BDEA7FE2A0591510007DFB4 /* NukeVideo */; };
		3BF0BE802A38FCC200989419 /* CustomFieldsEditView.swift in Sources */ = {isa = PBXBuildFile; fileRef = 3BF0BE7F2A38FCC200989419 /* CustomFieldsEditView.swift */; };
		3BF9B589296C9C180095B557 /* CryptoSwift.xcframework in Frameworks */ = {isa = PBXBuildFile; fileRef = 3BF9B587296C9C180095B557 /* CryptoSwift.xcframework */; };
		3BF9B58A296C9C180095B557 /* CryptoSwift.xcframework in Frameworks */ = {isa = PBXBuildFile; fileRef = 3BF9B587296C9C180095B557 /* CryptoSwift.xcframework */; };
		3BF9B58F296CC40B0095B557 /* Query.swift in Sources */ = {isa = PBXBuildFile; fileRef = 3BF9B58E296CC40B0095B557 /* Query.swift */; };
		3BF9B590296CC40B0095B557 /* Query.swift in Sources */ = {isa = PBXBuildFile; fileRef = 3BF9B58E296CC40B0095B557 /* Query.swift */; };
		3BF9B591296CC40B0095B557 /* Query.swift in Sources */ = {isa = PBXBuildFile; fileRef = 3BF9B58E296CC40B0095B557 /* Query.swift */; };
/* End PBXBuildFile section */

/* Begin PBXContainerItemProxy section */
		3B3E48502870F674000D0D0C /* PBXContainerItemProxy */ = {
			isa = PBXContainerItemProxy;
			containerPortal = 3B3E48362870F673000D0D0C /* Project object */;
			proxyType = 1;
			remoteGlobalIDString = 3B3E483D2870F673000D0D0C;
			remoteInfo = Bitwarden;
		};
		3B3E485A2870F674000D0D0C /* PBXContainerItemProxy */ = {
			isa = PBXContainerItemProxy;
			containerPortal = 3B3E48362870F673000D0D0C /* Project object */;
			proxyType = 1;
			remoteGlobalIDString = 3B3E483D2870F673000D0D0C;
			remoteInfo = Bitwarden;
		};
/* End PBXContainerItemProxy section */

/* Begin PBXCopyFilesBuildPhase section */
		3B2C420C2A12EF7200720E43 /* Embed Frameworks */ = {
			isa = PBXCopyFilesBuildPhase;
			buildActionMask = 2147483647;
			dstPath = "";
			dstSubfolderSpec = 10;
			files = (
				3B2C420B2A12EF7200720E43 /* CryptoSwift.xcframework in Embed Frameworks */,
			);
			name = "Embed Frameworks";
			runOnlyForDeploymentPostprocessing = 0;
		};
/* End PBXCopyFilesBuildPhase section */

/* Begin PBXFileReference section */
		3B0486DF2875018C007CCC5A /* Api.swift */ = {isa = PBXFileReference; lastKnownFileType = sourcecode.swift; path = Api.swift; sourceTree = "<group>"; };
		3B0A8E03296209830055DA2D /* Encryption.swift */ = {isa = PBXFileReference; lastKnownFileType = sourcecode.swift; path = Encryption.swift; sourceTree = "<group>"; };
		3B0C2B4B2A3A594A002CAA91 /* CustomFieldsView.swift */ = {isa = PBXFileReference; lastKnownFileType = sourcecode.swift; path = CustomFieldsView.swift; sourceTree = "<group>"; };
		3B112FB72982F9940018F53B /* SwCrypt.swift */ = {isa = PBXFileReference; lastKnownFileType = sourcecode.swift; path = SwCrypt.swift; sourceTree = "<group>"; };
		3B194B052A37654400F6206D /* AddNewItem+Card.swift */ = {isa = PBXFileReference; lastKnownFileType = sourcecode.swift; path = "AddNewItem+Card.swift"; sourceTree = "<group>"; };
		3B2C41FB2A0B5AE800720E43 /* SwiftwardenDebug.entitlements */ = {isa = PBXFileReference; lastKnownFileType = text.plist.entitlements; path = SwiftwardenDebug.entitlements; sourceTree = "<group>"; };
		3B2C42012A0C581800720E43 /* EditingField.swift */ = {isa = PBXFileReference; lastKnownFileType = sourcecode.swift; path = EditingField.swift; sourceTree = "<group>"; };
		3B2C42032A11C11500720E43 /* ItemView+PasswordEditing.swift */ = {isa = PBXFileReference; lastKnownFileType = sourcecode.swift; path = "ItemView+PasswordEditing.swift"; sourceTree = "<group>"; };
		3B2C42052A11C5F100720E43 /* ItemView+PasswordView.swift */ = {isa = PBXFileReference; lastKnownFileType = sourcecode.swift; path = "ItemView+PasswordView.swift"; sourceTree = "<group>"; };
		3B2CF2672A13DE4D00E3D16F /* Icon.swift */ = {isa = PBXFileReference; lastKnownFileType = sourcecode.swift; path = Icon.swift; sourceTree = "<group>"; };
		3B2EC3C3296F27F6003A04A1 /* CardView.swift */ = {isa = PBXFileReference; lastKnownFileType = sourcecode.swift; path = CardView.swift; sourceTree = "<group>"; };
		3B2EC3C6296F30FC003A04A1 /* LoginView.swift */ = {isa = PBXFileReference; lastKnownFileType = sourcecode.swift; path = LoginView.swift; sourceTree = "<group>"; };
		3B2EC3CB296F315E003A04A1 /* MainView.swift */ = {isa = PBXFileReference; lastKnownFileType = sourcecode.swift; path = MainView.swift; sourceTree = "<group>"; };
		3B2EC3CE296F38B9003A04A1 /* Sidebar.swift */ = {isa = PBXFileReference; lastKnownFileType = sourcecode.swift; path = Sidebar.swift; sourceTree = "<group>"; };
		3B2EC3D0296F3AC7003A04A1 /* AddNewItemPopup.swift */ = {isa = PBXFileReference; lastKnownFileType = sourcecode.swift; path = AddNewItemPopup.swift; sourceTree = "<group>"; };
		3B2EC3D4296F520E003A04A1 /* README.md */ = {isa = PBXFileReference; lastKnownFileType = net.daringfireball.markdown; path = README.md; sourceTree = "<group>"; };
		3B321EDE2A16E1F2006B0DEA /* Generator.swift */ = {isa = PBXFileReference; lastKnownFileType = sourcecode.swift; path = Generator.swift; sourceTree = "<group>"; };
		3B3E483E2870F673000D0D0C /* Swiftwarden.app */ = {isa = PBXFileReference; explicitFileType = wrapper.application; includeInIndex = 0; path = Swiftwarden.app; sourceTree = BUILT_PRODUCTS_DIR; };
		3B3E48412870F673000D0D0C /* Swiftwarden.swift */ = {isa = PBXFileReference; lastKnownFileType = sourcecode.swift; path = Swiftwarden.swift; sourceTree = "<group>"; };
		3B3E48432870F673000D0D0C /* ContentView.swift */ = {isa = PBXFileReference; lastKnownFileType = sourcecode.swift; path = ContentView.swift; sourceTree = "<group>"; };
		3B3E48452870F674000D0D0C /* Assets.xcassets */ = {isa = PBXFileReference; lastKnownFileType = folder.assetcatalog; path = Assets.xcassets; sourceTree = "<group>"; };
		3B3E48482870F674000D0D0C /* Preview Assets.xcassets */ = {isa = PBXFileReference; lastKnownFileType = folder.assetcatalog; path = "Preview Assets.xcassets"; sourceTree = "<group>"; };
		3B3E484A2870F674000D0D0C /* Swiftwarden.entitlements */ = {isa = PBXFileReference; lastKnownFileType = text.plist.entitlements; path = Swiftwarden.entitlements; sourceTree = "<group>"; };
		3B3E484F2870F674000D0D0C /* SwiftwardenTests.xctest */ = {isa = PBXFileReference; explicitFileType = wrapper.cfbundle; includeInIndex = 0; path = SwiftwardenTests.xctest; sourceTree = BUILT_PRODUCTS_DIR; };
		3B3E48532870F674000D0D0C /* SwiftWardenTests.swift */ = {isa = PBXFileReference; lastKnownFileType = sourcecode.swift; path = SwiftWardenTests.swift; sourceTree = "<group>"; };
		3B3E48592870F674000D0D0C /* SwiftwardenUITests.xctest */ = {isa = PBXFileReference; explicitFileType = wrapper.cfbundle; includeInIndex = 0; path = SwiftwardenUITests.xctest; sourceTree = BUILT_PRODUCTS_DIR; };
		3B3E485D2870F674000D0D0C /* SwiftwardenUITests.swift */ = {isa = PBXFileReference; lastKnownFileType = sourcecode.swift; path = SwiftwardenUITests.swift; sourceTree = "<group>"; };
		3B3E485F2870F674000D0D0C /* SwiftwardenUITestsLaunchTests.swift */ = {isa = PBXFileReference; lastKnownFileType = sourcecode.swift; path = SwiftwardenUITestsLaunchTests.swift; sourceTree = "<group>"; };
		3B4513A62899DAAB002164C9 /* PasswordsList.swift */ = {isa = PBXFileReference; lastKnownFileType = sourcecode.swift; path = PasswordsList.swift; sourceTree = "<group>"; };
		3B4513A8289AF29F002164C9 /* ItemView.swift */ = {isa = PBXFileReference; lastKnownFileType = sourcecode.swift; path = ItemView.swift; sourceTree = "<group>"; };
		3B4513AB289AF380002164C9 /* Field.swift */ = {isa = PBXFileReference; lastKnownFileType = sourcecode.swift; path = Field.swift; sourceTree = "<group>"; };
		3B4513AE289B78E5002164C9 /* Buttons.swift */ = {isa = PBXFileReference; lastKnownFileType = sourcecode.swift; path = Buttons.swift; sourceTree = "<group>"; };
		3B521F312A1AAF4C0086E507 /* AddNewItem+Password.swift */ = {isa = PBXFileReference; lastKnownFileType = sourcecode.swift; path = "AddNewItem+Password.swift"; sourceTree = "<group>"; };
		3B521F332A1AB1680086E507 /* ItemType.swift */ = {isa = PBXFileReference; lastKnownFileType = sourcecode.swift; path = ItemType.swift; sourceTree = "<group>"; };
		3B5865152A05A87400A39868 /* SaveData.swift */ = {isa = PBXFileReference; lastKnownFileType = sourcecode.swift; path = SaveData.swift; sourceTree = "<group>"; };
		3B59FE232A17FEF8005288F0 /* GeneratePasswordButton.swift */ = {isa = PBXFileReference; lastKnownFileType = sourcecode.swift; path = GeneratePasswordButton.swift; sourceTree = "<group>"; };
		3B7CBD052A77FA7900FFAC25 /* CustomScrollView.swift */ = {isa = PBXFileReference; lastKnownFileType = sourcecode.swift; path = CustomScrollView.swift; sourceTree = "<group>"; };
		3B98714A2A40ABDE00CABFDC /* AddNewItem+SecureNote.swift */ = {isa = PBXFileReference; lastKnownFileType = sourcecode.swift; path = "AddNewItem+SecureNote.swift"; sourceTree = "<group>"; };
		3B98714C2A41EF3000CABFDC /* ItemView+SecureNoteView.swift */ = {isa = PBXFileReference; fileEncoding = 4; lastKnownFileType = sourcecode.swift; path = "ItemView+SecureNoteView.swift"; sourceTree = "<group>"; };
		3B98714E2A41F15A00CABFDC /* ItemView+SecureNoteEditing.swift */ = {isa = PBXFileReference; fileEncoding = 4; lastKnownFileType = sourcecode.swift; path = "ItemView+SecureNoteEditing.swift"; sourceTree = "<group>"; };
		3B9871502A41F8FB00CABFDC /* UrlHelpers.swift */ = {isa = PBXFileReference; lastKnownFileType = sourcecode.swift; path = UrlHelpers.swift; sourceTree = "<group>"; };
		3BB8CE512A155C3F00644F5D /* AddUrlList.swift */ = {isa = PBXFileReference; lastKnownFileType = sourcecode.swift; path = AddUrlList.swift; sourceTree = "<group>"; };
		3BBF419D2A54C6AA004C5C69 /* PasswordType.swift */ = {isa = PBXFileReference; lastKnownFileType = sourcecode.swift; path = PasswordType.swift; sourceTree = "<group>"; };
		3BBF9C852A0827720058E82E /* Biometric.swift */ = {isa = PBXFileReference; lastKnownFileType = sourcecode.swift; path = Biometric.swift; sourceTree = "<group>"; };
		3BC757902A031BF90065CCF0 /* DataClass.swift */ = {isa = PBXFileReference; fileEncoding = 4; lastKnownFileType = sourcecode.swift; path = DataClass.swift; sourceTree = "<group>"; };
		3BC757912A031BF90065CCF0 /* Uris.swift */ = {isa = PBXFileReference; fileEncoding = 4; lastKnownFileType = sourcecode.swift; path = Uris.swift; sourceTree = "<group>"; };
		3BC757932A031BF90065CCF0 /* Folder.swift */ = {isa = PBXFileReference; fileEncoding = 4; lastKnownFileType = sourcecode.swift; path = Folder.swift; sourceTree = "<group>"; };
		3BC757942A031BF90065CCF0 /* GlobalEquivalentDomain.swift */ = {isa = PBXFileReference; fileEncoding = 4; lastKnownFileType = sourcecode.swift; path = GlobalEquivalentDomain.swift; sourceTree = "<group>"; };
		3BC757952A031BF90065CCF0 /* Response.swift */ = {isa = PBXFileReference; fileEncoding = 4; lastKnownFileType = sourcecode.swift; path = Response.swift; sourceTree = "<group>"; };
		3BC757962A031BFA0065CCF0 /* Domains.swift */ = {isa = PBXFileReference; fileEncoding = 4; lastKnownFileType = sourcecode.swift; path = Domains.swift; sourceTree = "<group>"; };
		3BC757972A031BFA0065CCF0 /* CustomField.swift */ = {isa = PBXFileReference; fileEncoding = 4; lastKnownFileType = sourcecode.swift; path = CustomField.swift; sourceTree = "<group>"; };
		3BC757982A031BFA0065CCF0 /* Cipher.swift */ = {isa = PBXFileReference; fileEncoding = 4; lastKnownFileType = sourcecode.swift; path = Cipher.swift; sourceTree = "<group>"; };
		3BC757992A031BFA0065CCF0 /* Object.swift */ = {isa = PBXFileReference; fileEncoding = 4; lastKnownFileType = sourcecode.swift; path = Object.swift; sourceTree = "<group>"; };
		3BC7579A2A031BFA0065CCF0 /* PasswordHistory.swift */ = {isa = PBXFileReference; fileEncoding = 4; lastKnownFileType = sourcecode.swift; path = PasswordHistory.swift; sourceTree = "<group>"; };
		3BC7579B2A031BFA0065CCF0 /* Login.swift */ = {isa = PBXFileReference; fileEncoding = 4; lastKnownFileType = sourcecode.swift; path = Login.swift; sourceTree = "<group>"; };
		3BC7579C2A031BFA0065CCF0 /* Profile.swift */ = {isa = PBXFileReference; fileEncoding = 4; lastKnownFileType = sourcecode.swift; path = Profile.swift; sourceTree = "<group>"; };
		3BC757AA2A031C3C0065CCF0 /* Card.swift */ = {isa = PBXFileReference; lastKnownFileType = sourcecode.swift; path = Card.swift; sourceTree = "<group>"; };
		3BC757AC2A031CA10065CCF0 /* Identity.swift */ = {isa = PBXFileReference; lastKnownFileType = sourcecode.swift; path = Identity.swift; sourceTree = "<group>"; };
		3BC757AE2A031CDF0065CCF0 /* SecureNote.swift */ = {isa = PBXFileReference; lastKnownFileType = sourcecode.swift; path = SecureNote.swift; sourceTree = "<group>"; };
		3BC757B02A031D3B0065CCF0 /* Organization.swift */ = {isa = PBXFileReference; lastKnownFileType = sourcecode.swift; path = Organization.swift; sourceTree = "<group>"; };
		3BC757B22A0320280065CCF0 /* JSONSchemaSupport.swift */ = {isa = PBXFileReference; fileEncoding = 4; lastKnownFileType = sourcecode.swift; path = JSONSchemaSupport.swift; sourceTree = "<group>"; };
		3BC757B42A0321D40065CCF0 /* PreLogin.swift */ = {isa = PBXFileReference; lastKnownFileType = sourcecode.swift; path = PreLogin.swift; sourceTree = "<group>"; };
		3BC8C2902A3B944A004B2B14 /* User.swift */ = {isa = PBXFileReference; fileEncoding = 4; lastKnownFileType = sourcecode.swift; path = User.swift; sourceTree = "<group>"; };
		3BC8C2942A3CDDF3004B2B14 /* NotesEditView.swift */ = {isa = PBXFileReference; lastKnownFileType = sourcecode.swift; path = NotesEditView.swift; sourceTree = "<group>"; };
		3BC8C2962A3D655A004B2B14 /* ItemView+CardView.swift */ = {isa = PBXFileReference; fileEncoding = 4; lastKnownFileType = sourcecode.swift; path = "ItemView+CardView.swift"; sourceTree = "<group>"; };
		3BC8C2982A3E332A004B2B14 /* ItemView+CardEditing.swift */ = {isa = PBXFileReference; fileEncoding = 4; lastKnownFileType = sourcecode.swift; path = "ItemView+CardEditing.swift"; sourceTree = "<group>"; };
		3BC8C29A2A3E5730004B2B14 /* AddNewItem+Identity.swift */ = {isa = PBXFileReference; fileEncoding = 4; lastKnownFileType = sourcecode.swift; path = "AddNewItem+Identity.swift"; sourceTree = "<group>"; };
		3BC8C29C2A3E62DF004B2B14 /* ItemView+IdentityView.swift */ = {isa = PBXFileReference; fileEncoding = 4; lastKnownFileType = sourcecode.swift; path = "ItemView+IdentityView.swift"; sourceTree = "<group>"; };
		3BC8C29E2A3E6CFD004B2B14 /* ItemView+IdentityEditing.swift */ = {isa = PBXFileReference; fileEncoding = 4; lastKnownFileType = sourcecode.swift; path = "ItemView+IdentityEditing.swift"; sourceTree = "<group>"; };
		3BD0746528A01FC000812AAB /* TestField.swift */ = {isa = PBXFileReference; lastKnownFileType = sourcecode.swift; path = TestField.swift; sourceTree = "<group>"; };
		3BD0746728A0829F00812AAB /* PopupEdit.swift */ = {isa = PBXFileReference; lastKnownFileType = sourcecode.swift; path = PopupEdit.swift; sourceTree = "<group>"; };
		3BDBDF282A5509C2000E61F5 /* ItemView+ToolBarComponents.swift */ = {isa = PBXFileReference; lastKnownFileType = sourcecode.swift; path = "ItemView+ToolBarComponents.swift"; sourceTree = "<group>"; };
		3BDBDF2A2A5741FA000E61F5 /* CipherOptions.swift */ = {isa = PBXFileReference; fileEncoding = 4; lastKnownFileType = sourcecode.swift; path = CipherOptions.swift; sourceTree = "<group>"; };
		3BDE348F2C18929C00C7C4FB /* NativeMessaging.swift */ = {isa = PBXFileReference; lastKnownFileType = sourcecode.swift; path = NativeMessaging.swift; sourceTree = "<group>"; };
		3BDEA75C2A0480870007DFB4 /* Parser.swift */ = {isa = PBXFileReference; lastKnownFileType = sourcecode.swift; path = Parser.swift; sourceTree = "<group>"; };
		3BF0BE7F2A38FCC200989419 /* CustomFieldsEditView.swift */ = {isa = PBXFileReference; lastKnownFileType = sourcecode.swift; path = CustomFieldsEditView.swift; sourceTree = "<group>"; };
		3BF9B587296C9C180095B557 /* CryptoSwift.xcframework */ = {isa = PBXFileReference; lastKnownFileType = wrapper.xcframework; path = CryptoSwift.xcframework; sourceTree = "<group>"; };
		3BF9B58E296CC40B0095B557 /* Query.swift */ = {isa = PBXFileReference; lastKnownFileType = sourcecode.swift; path = Query.swift; sourceTree = "<group>"; };
/* End PBXFileReference section */

/* Begin PBXFrameworksBuildPhase section */
		3B3E483B2870F673000D0D0C /* Frameworks */ = {
			isa = PBXFrameworksBuildPhase;
			buildActionMask = 2147483647;
			files = (
				3BDEA7F92A0591510007DFB4 /* Nuke in Frameworks */,
				3BDEA7FF2A0591510007DFB4 /* NukeVideo in Frameworks */,
				3B2C420A2A12EF7200720E43 /* CryptoSwift.xcframework in Frameworks */,
				3BDEA7FB2A0591510007DFB4 /* NukeExtensions in Frameworks */,
				3BDEA7FD2A0591510007DFB4 /* NukeUI in Frameworks */,
			);
			runOnlyForDeploymentPostprocessing = 0;
		};
		3B3E484C2870F674000D0D0C /* Frameworks */ = {
			isa = PBXFrameworksBuildPhase;
			buildActionMask = 2147483647;
			files = (
				3BF9B589296C9C180095B557 /* CryptoSwift.xcframework in Frameworks */,
			);
			runOnlyForDeploymentPostprocessing = 0;
		};
		3B3E48562870F674000D0D0C /* Frameworks */ = {
			isa = PBXFrameworksBuildPhase;
			buildActionMask = 2147483647;
			files = (
				3BF9B58A296C9C180095B557 /* CryptoSwift.xcframework in Frameworks */,
			);
			runOnlyForDeploymentPostprocessing = 0;
		};
/* End PBXFrameworksBuildPhase section */

/* Begin PBXGroup section */
		3B2C41FC2A0C56AD00720E43 /* ItemView */ = {
			isa = PBXGroup;
			children = (
				3B2C42092A11CC1600720E43 /* Components */,
				3B4513A8289AF29F002164C9 /* ItemView.swift */,
				3B2C42052A11C5F100720E43 /* ItemView+PasswordView.swift */,
				3B2C42032A11C11500720E43 /* ItemView+PasswordEditing.swift */,
				3BC8C2962A3D655A004B2B14 /* ItemView+CardView.swift */,
				3BC8C2982A3E332A004B2B14 /* ItemView+CardEditing.swift */,
				3BC8C29C2A3E62DF004B2B14 /* ItemView+IdentityView.swift */,
				3BC8C29E2A3E6CFD004B2B14 /* ItemView+IdentityEditing.swift */,
				3B98714C2A41EF3000CABFDC /* ItemView+SecureNoteView.swift */,
				3B98714E2A41F15A00CABFDC /* ItemView+SecureNoteEditing.swift */,
			);
			path = ItemView;
			sourceTree = "<group>";
		};
		3B2C42092A11CC1600720E43 /* Components */ = {
			isa = PBXGroup;
			children = (
				3BDBDF2A2A5741FA000E61F5 /* CipherOptions.swift */,
				3BDBDF282A5509C2000E61F5 /* ItemView+ToolBarComponents.swift */,
			);
			path = Components;
			sourceTree = "<group>";
		};
		3B2EC3CD296F389E003A04A1 /* Views */ = {
			isa = PBXGroup;
			children = (
				3B521F302A1AAF2E0086E507 /* AddItem */,
				3B2C41FC2A0C56AD00720E43 /* ItemView */,
				3B4513AA289AF36F002164C9 /* Components */,
				3B2EC3C6296F30FC003A04A1 /* LoginView.swift */,
				3BD0746728A0829F00812AAB /* PopupEdit.swift */,
				3B3E48432870F673000D0D0C /* ContentView.swift */,
				3B2EC3CB296F315E003A04A1 /* MainView.swift */,
				3B2EC3CE296F38B9003A04A1 /* Sidebar.swift */,
				3B4513A62899DAAB002164C9 /* PasswordsList.swift */,
				3B521F332A1AB1680086E507 /* ItemType.swift */,
			);
			path = Views;
			sourceTree = "<group>";
		};
		3B3E48352870F673000D0D0C = {
			isa = PBXGroup;
			children = (
				3B2EC3D4296F520E003A04A1 /* README.md */,
				3B3E48402870F673000D0D0C /* Swiftwarden */,
				3B3E48522870F674000D0D0C /* SwiftwardenTests */,
				3B3E485C2870F674000D0D0C /* SwiftwardenUITests */,
				3B3E483F2870F673000D0D0C /* Products */,
			);
			sourceTree = "<group>";
		};
		3B3E483F2870F673000D0D0C /* Products */ = {
			isa = PBXGroup;
			children = (
				3B3E483E2870F673000D0D0C /* Swiftwarden.app */,
				3B3E484F2870F674000D0D0C /* SwiftwardenTests.xctest */,
				3B3E48592870F674000D0D0C /* SwiftwardenUITests.xctest */,
			);
			name = Products;
			sourceTree = "<group>";
		};
		3B3E48402870F673000D0D0C /* Swiftwarden */ = {
			isa = PBXGroup;
			children = (
				3B3E48412870F673000D0D0C /* Swiftwarden.swift */,
				3B2C41FB2A0B5AE800720E43 /* SwiftwardenDebug.entitlements */,
				3BB5594029B1A26800AB9DAC /* Classes */,
				3B2EC3CD296F389E003A04A1 /* Views */,
				3BF9B58D296CC3FC0095B557 /* Helpers */,
				3BF9B587296C9C180095B557 /* CryptoSwift.xcframework */,
				3B3E48452870F674000D0D0C /* Assets.xcassets */,
				3B3E484A2870F674000D0D0C /* Swiftwarden.entitlements */,
				3B3E48472870F674000D0D0C /* Preview Content */,
			);
			path = Swiftwarden;
			sourceTree = "<group>";
		};
		3B3E48472870F674000D0D0C /* Preview Content */ = {
			isa = PBXGroup;
			children = (
				3B3E48482870F674000D0D0C /* Preview Assets.xcassets */,
			);
			path = "Preview Content";
			sourceTree = "<group>";
		};
		3B3E48522870F674000D0D0C /* SwiftwardenTests */ = {
			isa = PBXGroup;
			children = (
				3B3E48532870F674000D0D0C /* SwiftWardenTests.swift */,
			);
			path = SwiftwardenTests;
			sourceTree = "<group>";
		};
		3B3E485C2870F674000D0D0C /* SwiftwardenUITests */ = {
			isa = PBXGroup;
			children = (
				3B3E485D2870F674000D0D0C /* SwiftwardenUITests.swift */,
				3B3E485F2870F674000D0D0C /* SwiftwardenUITestsLaunchTests.swift */,
			);
			path = SwiftwardenUITests;
			sourceTree = "<group>";
		};
		3B4513AA289AF36F002164C9 /* Components */ = {
			isa = PBXGroup;
			children = (
				3B59FE222A17FEE6005288F0 /* Buttons */,
				3B4513AB289AF380002164C9 /* Field.swift */,
				3B2C42012A0C581800720E43 /* EditingField.swift */,
				3B2CF2672A13DE4D00E3D16F /* Icon.swift */,
				3B4513AE289B78E5002164C9 /* Buttons.swift */,
				3BD0746528A01FC000812AAB /* TestField.swift */,
				3B2EC3C3296F27F6003A04A1 /* CardView.swift */,
				3BB8CE512A155C3F00644F5D /* AddUrlList.swift */,
				3BF0BE7F2A38FCC200989419 /* CustomFieldsEditView.swift */,
				3B0C2B4B2A3A594A002CAA91 /* CustomFieldsView.swift */,
				3BC8C2942A3CDDF3004B2B14 /* NotesEditView.swift */,
				3B7CBD052A77FA7900FFAC25 /* CustomScrollView.swift */,
			);
			path = Components;
			sourceTree = "<group>";
		};
		3B521F302A1AAF2E0086E507 /* AddItem */ = {
			isa = PBXGroup;
			children = (
				3B2EC3D0296F3AC7003A04A1 /* AddNewItemPopup.swift */,
				3B521F312A1AAF4C0086E507 /* AddNewItem+Password.swift */,
				3B194B052A37654400F6206D /* AddNewItem+Card.swift */,
				3BC8C29A2A3E5730004B2B14 /* AddNewItem+Identity.swift */,
				3B98714A2A40ABDE00CABFDC /* AddNewItem+SecureNote.swift */,
			);
			path = AddItem;
			sourceTree = "<group>";
		};
		3B59FE222A17FEE6005288F0 /* Buttons */ = {
			isa = PBXGroup;
			children = (
				3B59FE232A17FEF8005288F0 /* GeneratePasswordButton.swift */,
			);
			path = Buttons;
			sourceTree = "<group>";
		};
		3BB5594029B1A26800AB9DAC /* Classes */ = {
			isa = PBXGroup;
			children = (
				3BC8C2902A3B944A004B2B14 /* User.swift */,
				3B5865152A05A87400A39868 /* SaveData.swift */,
				3B0486DF2875018C007CCC5A /* Api.swift */,
				3B0A8E03296209830055DA2D /* Encryption.swift */,
				3BDE348F2C18929C00C7C4FB /* NativeMessaging.swift */,
			);
			path = Classes;
			sourceTree = "<group>";
		};
		3BBF419C2A54C698004C5C69 /* Enums */ = {
			isa = PBXGroup;
			children = (
				3BBF419D2A54C6AA004C5C69 /* PasswordType.swift */,
			);
			path = Enums;
			sourceTree = "<group>";
		};
		3BC7578F2A031BE20065CCF0 /* Models */ = {
			isa = PBXGroup;
			children = (
				3BC757AA2A031C3C0065CCF0 /* Card.swift */,
				3BC757982A031BFA0065CCF0 /* Cipher.swift */,
				3BC757972A031BFA0065CCF0 /* CustomField.swift */,
				3BC757902A031BF90065CCF0 /* DataClass.swift */,
				3BC757962A031BFA0065CCF0 /* Domains.swift */,
				3BC757932A031BF90065CCF0 /* Folder.swift */,
				3BC757942A031BF90065CCF0 /* GlobalEquivalentDomain.swift */,
				3BC757AC2A031CA10065CCF0 /* Identity.swift */,
				3BC7579B2A031BFA0065CCF0 /* Login.swift */,
				3BC757992A031BFA0065CCF0 /* Object.swift */,
				3BC757B02A031D3B0065CCF0 /* Organization.swift */,
				3BC7579A2A031BFA0065CCF0 /* PasswordHistory.swift */,
				3BC757B42A0321D40065CCF0 /* PreLogin.swift */,
				3BC7579C2A031BFA0065CCF0 /* Profile.swift */,
				3BC757952A031BF90065CCF0 /* Response.swift */,
				3BC757AE2A031CDF0065CCF0 /* SecureNote.swift */,
				3BC757912A031BF90065CCF0 /* Uris.swift */,
			);
			path = Models;
			sourceTree = "<group>";
		};
		3BDEA75B2A0480240007DFB4 /* JSON */ = {
			isa = PBXGroup;
			children = (
				3BC7578F2A031BE20065CCF0 /* Models */,
				3BC757B22A0320280065CCF0 /* JSONSchemaSupport.swift */,
				3BDEA75C2A0480870007DFB4 /* Parser.swift */,
			);
			path = JSON;
			sourceTree = "<group>";
		};
		3BF9B58D296CC3FC0095B557 /* Helpers */ = {
			isa = PBXGroup;
			children = (
				3BBF419C2A54C698004C5C69 /* Enums */,
				3BDEA75B2A0480240007DFB4 /* JSON */,
				3B112FB72982F9940018F53B /* SwCrypt.swift */,
				3BF9B58E296CC40B0095B557 /* Query.swift */,
				3BBF9C852A0827720058E82E /* Biometric.swift */,
				3B321EDE2A16E1F2006B0DEA /* Generator.swift */,
				3B9871502A41F8FB00CABFDC /* UrlHelpers.swift */,
			);
			path = Helpers;
			sourceTree = "<group>";
		};
/* End PBXGroup section */

/* Begin PBXNativeTarget section */
		3B3E483D2870F673000D0D0C /* Swiftwarden */ = {
			isa = PBXNativeTarget;
			buildConfigurationList = 3B3E48632870F674000D0D0C /* Build configuration list for PBXNativeTarget "Swiftwarden" */;
			buildPhases = (
				3B3E483A2870F673000D0D0C /* Sources */,
				3B3E483B2870F673000D0D0C /* Frameworks */,
				3B3E483C2870F673000D0D0C /* Resources */,
				3B2C420C2A12EF7200720E43 /* Embed Frameworks */,
			);
			buildRules = (
			);
			dependencies = (
			);
			name = Swiftwarden;
			packageProductDependencies = (
				3BDEA7F82A0591510007DFB4 /* Nuke */,
				3BDEA7FA2A0591510007DFB4 /* NukeExtensions */,
				3BDEA7FC2A0591510007DFB4 /* NukeUI */,
				3BDEA7FE2A0591510007DFB4 /* NukeVideo */,
			);
			productName = Bitwarden;
			productReference = 3B3E483E2870F673000D0D0C /* Swiftwarden.app */;
			productType = "com.apple.product-type.application";
		};
		3B3E484E2870F674000D0D0C /* SwiftwardenTests */ = {
			isa = PBXNativeTarget;
			buildConfigurationList = 3B3E48662870F674000D0D0C /* Build configuration list for PBXNativeTarget "SwiftwardenTests" */;
			buildPhases = (
				3B3E484B2870F674000D0D0C /* Sources */,
				3B3E484C2870F674000D0D0C /* Frameworks */,
				3B3E484D2870F674000D0D0C /* Resources */,
			);
			buildRules = (
			);
			dependencies = (
				3B3E48512870F674000D0D0C /* PBXTargetDependency */,
			);
			name = SwiftwardenTests;
			productName = BitwardenTests;
			productReference = 3B3E484F2870F674000D0D0C /* SwiftwardenTests.xctest */;
			productType = "com.apple.product-type.bundle.unit-test";
		};
		3B3E48582870F674000D0D0C /* SwiftwardenUITests */ = {
			isa = PBXNativeTarget;
			buildConfigurationList = 3B3E48692870F674000D0D0C /* Build configuration list for PBXNativeTarget "SwiftwardenUITests" */;
			buildPhases = (
				3B3E48552870F674000D0D0C /* Sources */,
				3B3E48562870F674000D0D0C /* Frameworks */,
				3B3E48572870F674000D0D0C /* Resources */,
			);
			buildRules = (
			);
			dependencies = (
				3B3E485B2870F674000D0D0C /* PBXTargetDependency */,
			);
			name = SwiftwardenUITests;
			productName = BitwardenUITests;
			productReference = 3B3E48592870F674000D0D0C /* SwiftwardenUITests.xctest */;
			productType = "com.apple.product-type.bundle.ui-testing";
		};
/* End PBXNativeTarget section */

/* Begin PBXProject section */
		3B3E48362870F673000D0D0C /* Project object */ = {
			isa = PBXProject;
			attributes = {
				BuildIndependentTargetsInParallel = 1;
				LastSwiftUpdateCheck = 1330;
				LastUpgradeCheck = 1330;
				TargetAttributes = {
					3B3E483D2870F673000D0D0C = {
						CreatedOnToolsVersion = 13.3.1;
					};
					3B3E484E2870F674000D0D0C = {
						CreatedOnToolsVersion = 13.3.1;
						TestTargetID = 3B3E483D2870F673000D0D0C;
					};
					3B3E48582870F674000D0D0C = {
						CreatedOnToolsVersion = 13.3.1;
						TestTargetID = 3B3E483D2870F673000D0D0C;
					};
				};
			};
			buildConfigurationList = 3B3E48392870F673000D0D0C /* Build configuration list for PBXProject "Swiftwarden" */;
			compatibilityVersion = "Xcode 13.0";
			developmentRegion = en;
			hasScannedForEncodings = 0;
			knownRegions = (
				en,
				Base,
			);
			mainGroup = 3B3E48352870F673000D0D0C;
			packageReferences = (
				3BDEA7F72A0591510007DFB4 /* XCRemoteSwiftPackageReference "Nuke" */,
			);
			productRefGroup = 3B3E483F2870F673000D0D0C /* Products */;
			projectDirPath = "";
			projectRoot = "";
			targets = (
				3B3E483D2870F673000D0D0C /* Swiftwarden */,
				3B3E484E2870F674000D0D0C /* SwiftwardenTests */,
				3B3E48582870F674000D0D0C /* SwiftwardenUITests */,
			);
		};
/* End PBXProject section */

/* Begin PBXResourcesBuildPhase section */
		3B3E483C2870F673000D0D0C /* Resources */ = {
			isa = PBXResourcesBuildPhase;
			buildActionMask = 2147483647;
			files = (
				3B3E48492870F674000D0D0C /* Preview Assets.xcassets in Resources */,
				3B3E48462870F674000D0D0C /* Assets.xcassets in Resources */,
			);
			runOnlyForDeploymentPostprocessing = 0;
		};
		3B3E484D2870F674000D0D0C /* Resources */ = {
			isa = PBXResourcesBuildPhase;
			buildActionMask = 2147483647;
			files = (
			);
			runOnlyForDeploymentPostprocessing = 0;
		};
		3B3E48572870F674000D0D0C /* Resources */ = {
			isa = PBXResourcesBuildPhase;
			buildActionMask = 2147483647;
			files = (
			);
			runOnlyForDeploymentPostprocessing = 0;
		};
/* End PBXResourcesBuildPhase section */

/* Begin PBXSourcesBuildPhase section */
		3B3E483A2870F673000D0D0C /* Sources */ = {
			isa = PBXSourcesBuildPhase;
			buildActionMask = 2147483647;
			files = (
				3BBF419E2A54C6AA004C5C69 /* PasswordType.swift in Sources */,
				3B745AAB29848DFB006B17C7 /* SwCrypt.swift in Sources */,
				3BC757AF2A031CDF0065CCF0 /* SecureNote.swift in Sources */,
				3B0C2B4C2A3A594A002CAA91 /* CustomFieldsView.swift in Sources */,
				3B7CBD062A77FA7900FFAC25 /* CustomScrollView.swift in Sources */,
				3BC757A32A031BFA0065CCF0 /* Domains.swift in Sources */,
				3BC8C2952A3CDDF3004B2B14 /* NotesEditView.swift in Sources */,
				3BC757A52A031BFA0065CCF0 /* Cipher.swift in Sources */,
				3BC757A82A031BFA0065CCF0 /* Login.swift in Sources */,
				3BD0746828A0829F00812AAB /* PopupEdit.swift in Sources */,
				3B2C42022A0C581800720E43 /* EditingField.swift in Sources */,
				3BBF9C862A0827720058E82E /* Biometric.swift in Sources */,
				3BC757AD2A031CA10065CCF0 /* Identity.swift in Sources */,
				3BC7579D2A031BFA0065CCF0 /* DataClass.swift in Sources */,
				3B2EC3CC296F315E003A04A1 /* MainView.swift in Sources */,
				3BC8C29B2A3E5730004B2B14 /* AddNewItem+Identity.swift in Sources */,
				3B2EC3CF296F38B9003A04A1 /* Sidebar.swift in Sources */,
				3B521F322A1AAF4C0086E507 /* AddNewItem+Password.swift in Sources */,
				3BC757A12A031BFA0065CCF0 /* GlobalEquivalentDomain.swift in Sources */,
				3BC757AB2A031C3C0065CCF0 /* Card.swift in Sources */,
				3BF9B58F296CC40B0095B557 /* Query.swift in Sources */,
				3BC757A62A031BFA0065CCF0 /* Object.swift in Sources */,
				3B4513AF289B78E5002164C9 /* Buttons.swift in Sources */,
				3BC8C2992A3E332A004B2B14 /* ItemView+CardEditing.swift in Sources */,
				3B4513A72899DAAB002164C9 /* PasswordsList.swift in Sources */,
				3BC8C29F2A3E6CFD004B2B14 /* ItemView+IdentityEditing.swift in Sources */,
				3B5865162A05A87400A39868 /* SaveData.swift in Sources */,
				3BC757A72A031BFA0065CCF0 /* PasswordHistory.swift in Sources */,
				3BC757B32A0320280065CCF0 /* JSONSchemaSupport.swift in Sources */,
				3B0486E02875018C007CCC5A /* Api.swift in Sources */,
				3BF0BE802A38FCC200989419 /* CustomFieldsEditView.swift in Sources */,
				3B2EC3D1296F3AC7003A04A1 /* AddNewItemPopup.swift in Sources */,
				3B98714F2A41F15A00CABFDC /* ItemView+SecureNoteEditing.swift in Sources */,
				3BB8CE522A155C3F00644F5D /* AddUrlList.swift in Sources */,
				3B321EDF2A16E1F2006B0DEA /* Generator.swift in Sources */,
				3B521F342A1AB1680086E507 /* ItemType.swift in Sources */,
				3BC8C29D2A3E62DF004B2B14 /* ItemView+IdentityView.swift in Sources */,
				3B9871512A41F8FB00CABFDC /* UrlHelpers.swift in Sources */,
				3B4513AC289AF380002164C9 /* Field.swift in Sources */,
				3BC757A42A031BFA0065CCF0 /* CustomField.swift in Sources */,
				3B98714D2A41EF3000CABFDC /* ItemView+SecureNoteView.swift in Sources */,
				3B3E48442870F673000D0D0C /* ContentView.swift in Sources */,
				3BC8C2972A3D655A004B2B14 /* ItemView+CardView.swift in Sources */,
				3B194B062A37654400F6206D /* AddNewItem+Card.swift in Sources */,
				3B4513A9289AF29F002164C9 /* ItemView.swift in Sources */,
				3BDE34902C18929C00C7C4FB /* NativeMessaging.swift in Sources */,
				3B98714B2A40ABDE00CABFDC /* AddNewItem+SecureNote.swift in Sources */,
				3BD0746628A01FC000812AAB /* TestField.swift in Sources */,
				3B2C42062A11C5F100720E43 /* ItemView+PasswordView.swift in Sources */,
				3BDBDF292A5509C2000E61F5 /* ItemView+ToolBarComponents.swift in Sources */,
				3BC7579E2A031BFA0065CCF0 /* Uris.swift in Sources */,
				3B0A8E04296209830055DA2D /* Encryption.swift in Sources */,
				3B59FE242A17FEF8005288F0 /* GeneratePasswordButton.swift in Sources */,
				3B2CF2682A13DE4D00E3D16F /* Icon.swift in Sources */,
				3BC757A92A031BFA0065CCF0 /* Profile.swift in Sources */,
				3BDBDF2B2A5741FA000E61F5 /* CipherOptions.swift in Sources */,
				3BC8C2912A3B944A004B2B14 /* User.swift in Sources */,
				3B2EC3C7296F30FC003A04A1 /* LoginView.swift in Sources */,
				3B2EC3C4296F27F6003A04A1 /* CardView.swift in Sources */,
				3BC757A02A031BFA0065CCF0 /* Folder.swift in Sources */,
				3BC757B52A0321D40065CCF0 /* PreLogin.swift in Sources */,
				3BDEA75D2A0480870007DFB4 /* Parser.swift in Sources */,
				3B3E48422870F673000D0D0C /* Swiftwarden.swift in Sources */,
				3BC757B12A031D3B0065CCF0 /* Organization.swift in Sources */,
				3B2C42042A11C11500720E43 /* ItemView+PasswordEditing.swift in Sources */,
				3BC757A22A031BFA0065CCF0 /* Response.swift in Sources */,
			);
			runOnlyForDeploymentPostprocessing = 0;
		};
		3B3E484B2870F674000D0D0C /* Sources */ = {
			isa = PBXSourcesBuildPhase;
			buildActionMask = 2147483647;
			files = (
				3B3E48542870F674000D0D0C /* SwiftWardenTests.swift in Sources */,
				3BF9B590296CC40B0095B557 /* Query.swift in Sources */,
			);
			runOnlyForDeploymentPostprocessing = 0;
		};
		3B3E48552870F674000D0D0C /* Sources */ = {
			isa = PBXSourcesBuildPhase;
			buildActionMask = 2147483647;
			files = (
				3B3E485E2870F674000D0D0C /* SwiftwardenUITests.swift in Sources */,
				3B3E48602870F674000D0D0C /* SwiftwardenUITestsLaunchTests.swift in Sources */,
				3BF9B591296CC40B0095B557 /* Query.swift in Sources */,
			);
			runOnlyForDeploymentPostprocessing = 0;
		};
/* End PBXSourcesBuildPhase section */

/* Begin PBXTargetDependency section */
		3B3E48512870F674000D0D0C /* PBXTargetDependency */ = {
			isa = PBXTargetDependency;
			target = 3B3E483D2870F673000D0D0C /* Swiftwarden */;
			targetProxy = 3B3E48502870F674000D0D0C /* PBXContainerItemProxy */;
		};
		3B3E485B2870F674000D0D0C /* PBXTargetDependency */ = {
			isa = PBXTargetDependency;
			target = 3B3E483D2870F673000D0D0C /* Swiftwarden */;
			targetProxy = 3B3E485A2870F674000D0D0C /* PBXContainerItemProxy */;
		};
/* End PBXTargetDependency section */

/* Begin XCBuildConfiguration section */
		3B3E48612870F674000D0D0C /* Debug */ = {
			isa = XCBuildConfiguration;
			buildSettings = {
				ALWAYS_SEARCH_USER_PATHS = NO;
				CLANG_ANALYZER_NONNULL = YES;
				CLANG_ANALYZER_NUMBER_OBJECT_CONVERSION = YES_AGGRESSIVE;
				CLANG_CXX_LANGUAGE_STANDARD = "gnu++17";
				CLANG_ENABLE_MODULES = YES;
				CLANG_ENABLE_OBJC_ARC = YES;
				CLANG_ENABLE_OBJC_WEAK = YES;
				CLANG_WARN_BLOCK_CAPTURE_AUTORELEASING = YES;
				CLANG_WARN_BOOL_CONVERSION = YES;
				CLANG_WARN_COMMA = YES;
				CLANG_WARN_CONSTANT_CONVERSION = YES;
				CLANG_WARN_DEPRECATED_OBJC_IMPLEMENTATIONS = YES;
				CLANG_WARN_DIRECT_OBJC_ISA_USAGE = YES_ERROR;
				CLANG_WARN_DOCUMENTATION_COMMENTS = YES;
				CLANG_WARN_EMPTY_BODY = YES;
				CLANG_WARN_ENUM_CONVERSION = YES;
				CLANG_WARN_INFINITE_RECURSION = YES;
				CLANG_WARN_INT_CONVERSION = YES;
				CLANG_WARN_NON_LITERAL_NULL_CONVERSION = YES;
				CLANG_WARN_OBJC_IMPLICIT_RETAIN_SELF = YES;
				CLANG_WARN_OBJC_LITERAL_CONVERSION = YES;
				CLANG_WARN_OBJC_ROOT_CLASS = YES_ERROR;
				CLANG_WARN_QUOTED_INCLUDE_IN_FRAMEWORK_HEADER = YES;
				CLANG_WARN_RANGE_LOOP_ANALYSIS = YES;
				CLANG_WARN_STRICT_PROTOTYPES = YES;
				CLANG_WARN_SUSPICIOUS_MOVE = YES;
				CLANG_WARN_UNGUARDED_AVAILABILITY = YES_AGGRESSIVE;
				CLANG_WARN_UNREACHABLE_CODE = YES;
				CLANG_WARN__DUPLICATE_METHOD_MATCH = YES;
				CODE_SIGN_IDENTITY = "Mac Developer";
				COPY_PHASE_STRIP = NO;
				DEBUG_INFORMATION_FORMAT = dwarf;
				ENABLE_STRICT_OBJC_MSGSEND = YES;
				ENABLE_TESTABILITY = YES;
				"FRAMEWORK_SEARCH_PATHS[arch=*]" = "";
				GCC_C_LANGUAGE_STANDARD = gnu11;
				GCC_DYNAMIC_NO_PIC = NO;
				GCC_NO_COMMON_BLOCKS = YES;
				GCC_OPTIMIZATION_LEVEL = 0;
				GCC_PREPROCESSOR_DEFINITIONS = (
					"DEBUG=1",
					"$(inherited)",
				);
				GCC_WARN_64_TO_32_BIT_CONVERSION = YES;
				GCC_WARN_ABOUT_RETURN_TYPE = YES_ERROR;
				GCC_WARN_UNDECLARED_SELECTOR = YES;
				GCC_WARN_UNINITIALIZED_AUTOS = YES_AGGRESSIVE;
				GCC_WARN_UNUSED_FUNCTION = YES;
				GCC_WARN_UNUSED_VARIABLE = YES;
				MACOSX_DEPLOYMENT_TARGET = 12.3;
				MTL_ENABLE_DEBUG_INFO = INCLUDE_SOURCE;
				MTL_FAST_MATH = YES;
				ONLY_ACTIVE_ARCH = YES;
				SDKROOT = macosx;
				SWIFT_ACTIVE_COMPILATION_CONDITIONS = DEBUG;
				SWIFT_OPTIMIZATION_LEVEL = "-Onone";
			};
			name = Debug;
		};
		3B3E48622870F674000D0D0C /* Release */ = {
			isa = XCBuildConfiguration;
			buildSettings = {
				ALWAYS_SEARCH_USER_PATHS = NO;
				CLANG_ANALYZER_NONNULL = YES;
				CLANG_ANALYZER_NUMBER_OBJECT_CONVERSION = YES_AGGRESSIVE;
				CLANG_CXX_LANGUAGE_STANDARD = "gnu++17";
				CLANG_ENABLE_MODULES = YES;
				CLANG_ENABLE_OBJC_ARC = YES;
				CLANG_ENABLE_OBJC_WEAK = YES;
				CLANG_WARN_BLOCK_CAPTURE_AUTORELEASING = YES;
				CLANG_WARN_BOOL_CONVERSION = YES;
				CLANG_WARN_COMMA = YES;
				CLANG_WARN_CONSTANT_CONVERSION = YES;
				CLANG_WARN_DEPRECATED_OBJC_IMPLEMENTATIONS = YES;
				CLANG_WARN_DIRECT_OBJC_ISA_USAGE = YES_ERROR;
				CLANG_WARN_DOCUMENTATION_COMMENTS = YES;
				CLANG_WARN_EMPTY_BODY = YES;
				CLANG_WARN_ENUM_CONVERSION = YES;
				CLANG_WARN_INFINITE_RECURSION = YES;
				CLANG_WARN_INT_CONVERSION = YES;
				CLANG_WARN_NON_LITERAL_NULL_CONVERSION = YES;
				CLANG_WARN_OBJC_IMPLICIT_RETAIN_SELF = YES;
				CLANG_WARN_OBJC_LITERAL_CONVERSION = YES;
				CLANG_WARN_OBJC_ROOT_CLASS = YES_ERROR;
				CLANG_WARN_QUOTED_INCLUDE_IN_FRAMEWORK_HEADER = YES;
				CLANG_WARN_RANGE_LOOP_ANALYSIS = YES;
				CLANG_WARN_STRICT_PROTOTYPES = YES;
				CLANG_WARN_SUSPICIOUS_MOVE = YES;
				CLANG_WARN_UNGUARDED_AVAILABILITY = YES_AGGRESSIVE;
				CLANG_WARN_UNREACHABLE_CODE = YES;
				CLANG_WARN__DUPLICATE_METHOD_MATCH = YES;
				CODE_SIGN_IDENTITY = "Mac Developer";
				COPY_PHASE_STRIP = NO;
				DEBUG_INFORMATION_FORMAT = "dwarf-with-dsym";
				ENABLE_NS_ASSERTIONS = NO;
				ENABLE_STRICT_OBJC_MSGSEND = YES;
				GCC_C_LANGUAGE_STANDARD = gnu11;
				GCC_NO_COMMON_BLOCKS = YES;
				GCC_WARN_64_TO_32_BIT_CONVERSION = YES;
				GCC_WARN_ABOUT_RETURN_TYPE = YES_ERROR;
				GCC_WARN_UNDECLARED_SELECTOR = YES;
				GCC_WARN_UNINITIALIZED_AUTOS = YES_AGGRESSIVE;
				GCC_WARN_UNUSED_FUNCTION = YES;
				GCC_WARN_UNUSED_VARIABLE = YES;
				MACOSX_DEPLOYMENT_TARGET = 12.3;
				MTL_ENABLE_DEBUG_INFO = NO;
				MTL_FAST_MATH = YES;
				SDKROOT = macosx;
				SWIFT_COMPILATION_MODE = wholemodule;
				SWIFT_OPTIMIZATION_LEVEL = "-O";
			};
			name = Release;
		};
		3B3E48642870F674000D0D0C /* Debug */ = {
			isa = XCBuildConfiguration;
			buildSettings = {
				ASSETCATALOG_COMPILER_APPICON_NAME = AppIcon;
				ASSETCATALOG_COMPILER_GLOBAL_ACCENT_COLOR_NAME = AccentColor;
				CODE_SIGN_ENTITLEMENTS = Swiftwarden/SwiftwardenDebug.entitlements;
				CODE_SIGN_IDENTITY = "Apple Development";
				CODE_SIGN_STYLE = Automatic;
				COMBINE_HIDPI_IMAGES = YES;
				CURRENT_PROJECT_VERSION = 1;
				DEBUG_INFORMATION_FORMAT = "dwarf-with-dsym";
				DEVELOPMENT_ASSET_PATHS = "\"Swiftwarden/Preview Content\"";
				DEVELOPMENT_TEAM = 223W8R2MTJ;
				ENABLE_PREVIEWS = YES;
				GENERATE_INFOPLIST_FILE = YES;
				INFOPLIST_KEY_NSHumanReadableCopyright = "";
				LD_RUNPATH_SEARCH_PATHS = (
					"$(inherited)",
					"@executable_path/../Frameworks",
				);
				MACOSX_DEPLOYMENT_TARGET = 14.0;
				MARKETING_VERSION = 1.0;
				PRODUCT_BUNDLE_IDENTIFIER = com.swiftwarden;
				PRODUCT_NAME = "$(TARGET_NAME)";
				PROVISIONING_PROFILE_SPECIFIER = "";
				SWIFT_EMIT_LOC_STRINGS = YES;
				SWIFT_VERSION = 5.0;
			};
			name = Debug;
		};
		3B3E48652870F674000D0D0C /* Release */ = {
			isa = XCBuildConfiguration;
			buildSettings = {
				ASSETCATALOG_COMPILER_APPICON_NAME = AppIcon;
				ASSETCATALOG_COMPILER_GLOBAL_ACCENT_COLOR_NAME = AccentColor;
				CODE_SIGN_ENTITLEMENTS = Swiftwarden/Swiftwarden.entitlements;
				CODE_SIGN_IDENTITY = "Apple Development";
				"CODE_SIGN_IDENTITY[sdk=macosx*]" = "-";
				CODE_SIGN_STYLE = Automatic;
				COMBINE_HIDPI_IMAGES = YES;
				CURRENT_PROJECT_VERSION = 1;
				DEVELOPMENT_ASSET_PATHS = "\"Swiftwarden/Preview Content\"";
				DEVELOPMENT_TEAM = 223W8R2MTJ;
				ENABLE_PREVIEWS = YES;
				GENERATE_INFOPLIST_FILE = YES;
				INFOPLIST_KEY_NSHumanReadableCopyright = "";
				LD_RUNPATH_SEARCH_PATHS = (
					"$(inherited)",
					"@executable_path/../Frameworks",
				);
				MACOSX_DEPLOYMENT_TARGET = 14.0;
				MARKETING_VERSION = 1.0;
				PRODUCT_BUNDLE_IDENTIFIER = com.Swiftwarden;
				PRODUCT_NAME = "$(TARGET_NAME)";
				PROVISIONING_PROFILE_SPECIFIER = "";
				SWIFT_EMIT_LOC_STRINGS = YES;
				SWIFT_VERSION = 5.0;
			};
			name = Release;
		};
		3B3E48672870F674000D0D0C /* Debug */ = {
			isa = XCBuildConfiguration;
			buildSettings = {
				ALWAYS_EMBED_SWIFT_STANDARD_LIBRARIES = YES;
				BUNDLE_LOADER = "$(TEST_HOST)";
				"CODE_SIGN_IDENTITY[sdk=macosx*]" = "Apple Development";
				CODE_SIGN_STYLE = Automatic;
				CURRENT_PROJECT_VERSION = 1;
				GENERATE_INFOPLIST_FILE = YES;
				MACOSX_DEPLOYMENT_TARGET = 14;
				MARKETING_VERSION = 1.0;
				PRODUCT_BUNDLE_IDENTIFIER = com.jesse.SwiftwardenTests;
				PRODUCT_NAME = "$(TARGET_NAME)";
				SWIFT_EMIT_LOC_STRINGS = NO;
				SWIFT_VERSION = 5.0;
				TEST_HOST = "$(BUILT_PRODUCTS_DIR)/Swiftwarden.app/Contents/MacOS/Swiftwarden";
			};
			name = Debug;
		};
		3B3E48682870F674000D0D0C /* Release */ = {
			isa = XCBuildConfiguration;
			buildSettings = {
				ALWAYS_EMBED_SWIFT_STANDARD_LIBRARIES = YES;
				BUNDLE_LOADER = "$(TEST_HOST)";
				CODE_SIGN_STYLE = Automatic;
				CURRENT_PROJECT_VERSION = 1;
				GENERATE_INFOPLIST_FILE = YES;
				MACOSX_DEPLOYMENT_TARGET = 14;
				MARKETING_VERSION = 1.0;
				PRODUCT_BUNDLE_IDENTIFIER = com.jesse.SwiftwardenTests;
				PRODUCT_NAME = "$(TARGET_NAME)";
				SWIFT_EMIT_LOC_STRINGS = NO;
				SWIFT_VERSION = 5.0;
				TEST_HOST = "$(BUILT_PRODUCTS_DIR)/Swiftwarden.app/Contents/MacOS/Swiftwarden";
			};
			name = Release;
		};
		3B3E486A2870F674000D0D0C /* Debug */ = {
			isa = XCBuildConfiguration;
			buildSettings = {
				ALWAYS_EMBED_SWIFT_STANDARD_LIBRARIES = YES;
				CODE_SIGN_STYLE = Automatic;
				CURRENT_PROJECT_VERSION = 1;
				GENERATE_INFOPLIST_FILE = YES;
				MACOSX_DEPLOYMENT_TARGET = 14;
				MARKETING_VERSION = 1.0;
				PRODUCT_BUNDLE_IDENTIFIER = com.jesse.SwiftwardenUITests;
				PRODUCT_NAME = "$(TARGET_NAME)";
				SWIFT_EMIT_LOC_STRINGS = NO;
				SWIFT_VERSION = 5.0;
				TEST_TARGET_NAME = Swiftwarden;
			};
			name = Debug;
		};
		3B3E486B2870F674000D0D0C /* Release */ = {
			isa = XCBuildConfiguration;
			buildSettings = {
				ALWAYS_EMBED_SWIFT_STANDARD_LIBRARIES = YES;
				CODE_SIGN_STYLE = Automatic;
				CURRENT_PROJECT_VERSION = 1;
				GENERATE_INFOPLIST_FILE = YES;
				MACOSX_DEPLOYMENT_TARGET = 14;
				MARKETING_VERSION = 1.0;
				PRODUCT_BUNDLE_IDENTIFIER = com.jesse.SwiftwardenUITests;
				PRODUCT_NAME = "$(TARGET_NAME)";
				SWIFT_EMIT_LOC_STRINGS = NO;
				SWIFT_VERSION = 5.0;
				TEST_TARGET_NAME = Swiftwarden;
			};
			name = Release;
		};
/* End XCBuildConfiguration section */

/* Begin XCConfigurationList section */
		3B3E48392870F673000D0D0C /* Build configuration list for PBXProject "Swiftwarden" */ = {
			isa = XCConfigurationList;
			buildConfigurations = (
				3B3E48612870F674000D0D0C /* Debug */,
				3B3E48622870F674000D0D0C /* Release */,
			);
			defaultConfigurationIsVisible = 0;
			defaultConfigurationName = Release;
		};
		3B3E48632870F674000D0D0C /* Build configuration list for PBXNativeTarget "Swiftwarden" */ = {
			isa = XCConfigurationList;
			buildConfigurations = (
				3B3E48642870F674000D0D0C /* Debug */,
				3B3E48652870F674000D0D0C /* Release */,
			);
			defaultConfigurationIsVisible = 0;
			defaultConfigurationName = Release;
		};
		3B3E48662870F674000D0D0C /* Build configuration list for PBXNativeTarget "SwiftwardenTests" */ = {
			isa = XCConfigurationList;
			buildConfigurations = (
				3B3E48672870F674000D0D0C /* Debug */,
				3B3E48682870F674000D0D0C /* Release */,
			);
			defaultConfigurationIsVisible = 0;
			defaultConfigurationName = Release;
		};
		3B3E48692870F674000D0D0C /* Build configuration list for PBXNativeTarget "SwiftwardenUITests" */ = {
			isa = XCConfigurationList;
			buildConfigurations = (
				3B3E486A2870F674000D0D0C /* Debug */,
				3B3E486B2870F674000D0D0C /* Release */,
			);
			defaultConfigurationIsVisible = 0;
			defaultConfigurationName = Release;
		};
/* End XCConfigurationList section */

/* Begin XCRemoteSwiftPackageReference section */
		3BDEA7F72A0591510007DFB4 /* XCRemoteSwiftPackageReference "Nuke" */ = {
			isa = XCRemoteSwiftPackageReference;
			repositoryURL = "https://github.com/kean/Nuke";
			requirement = {
				kind = upToNextMajorVersion;
				minimumVersion = 12.0.0;
			};
		};
/* End XCRemoteSwiftPackageReference section */

/* Begin XCSwiftPackageProductDependency section */
		3BDEA7F82A0591510007DFB4 /* Nuke */ = {
			isa = XCSwiftPackageProductDependency;
			package = 3BDEA7F72A0591510007DFB4 /* XCRemoteSwiftPackageReference "Nuke" */;
			productName = Nuke;
		};
		3BDEA7FA2A0591510007DFB4 /* NukeExtensions */ = {
			isa = XCSwiftPackageProductDependency;
			package = 3BDEA7F72A0591510007DFB4 /* XCRemoteSwiftPackageReference "Nuke" */;
			productName = NukeExtensions;
		};
		3BDEA7FC2A0591510007DFB4 /* NukeUI */ = {
			isa = XCSwiftPackageProductDependency;
			package = 3BDEA7F72A0591510007DFB4 /* XCRemoteSwiftPackageReference "Nuke" */;
			productName = NukeUI;
		};
		3BDEA7FE2A0591510007DFB4 /* NukeVideo */ = {
			isa = XCSwiftPackageProductDependency;
			package = 3BDEA7F72A0591510007DFB4 /* XCRemoteSwiftPackageReference "Nuke" */;
			productName = NukeVideo;
		};
/* End XCSwiftPackageProductDependency section */
	};
	rootObject = 3B3E48362870F673000D0D0C /* Project object */;
}
